// !$*UTF8*$!
{
	archiveVersion = 1;
	classes = {};
	objectVersion = 56;
	objects = {

/* Begin PBXBuildFile section */
		A1B2C3D4E5F60718293A4B7A /* FamilyTodoApp.swift in Sources */ = {isa = PBXBuildFile; fileRef = A1B2C3D4E5F60718293A4B71 /* FamilyTodoApp.swift */; };
		A1B2C3D4E5F60718293A4B7B /* ContentView.swift in Sources */ = {isa = PBXBuildFile; fileRef = A1B2C3D4E5F60718293A4B72 /* ContentView.swift */; };
		A1B2C3D4E5F60718293A4B7C /* LaunchScreen.storyboard in Resources */ = {isa = PBXBuildFile; fileRef = A1B2C3D4E5F60718293A4B73 /* LaunchScreen.storyboard */; };
		A1B2C3D4E5F60718293A4B7D /* SwiftUI.framework in Frameworks */ = {isa = PBXBuildFile; fileRef = A1B2C3D4E5F60718293A4B77 /* SwiftUI.framework */; };
		A1B2C3D4E5F60718293A4B7E /* Foundation.framework in Frameworks */ = {isa = PBXBuildFile; fileRef = A1B2C3D4E5F60718293A4B78 /* Foundation.framework */; };
		A1B2C3D4E5F60718293A4B7F /* FamilyTodoTests.swift in Sources */ = {isa = PBXBuildFile; fileRef = A1B2C3D4E5F60718293A4B74 /* FamilyTodoTests.swift */; };
		9AD2462A5669453EB9F955B9 /* TaskTests.swift in Sources */ = {isa = PBXBuildFile; fileRef = 7EC3E5BB230C4430890CE54E /* TaskTests.swift */; };
		876CFC844FDA4A5A8389BE88 /* AreaTests.swift in Sources */ = {isa = PBXBuildFile; fileRef = 6FB9690918CA44F5A9EED478 /* AreaTests.swift */; };
		AEB5F4493DE64BFD9C3E2585 /* RecurringChoreTests.swift in Sources */ = {isa = PBXBuildFile; fileRef = 3F05BA5B21AD42F7892B3C0D /* RecurringChoreTests.swift */; };
		138C369E69FA4BD6BE083A14 /* TaskStoreTests.swift in Sources */ = {isa = PBXBuildFile; fileRef = 29641B06528147179F25068D /* TaskStoreTests.swift */; };
		58EAF879003D4F968B10E438 /* HouseholdTests.swift in Sources */ = {isa = PBXBuildFile; fileRef = 3ED568B034B6469B9DEDB614 /* HouseholdTests.swift */; };
		A1B2C3D4E5F60718293A4B80 /* XCTest.framework in Frameworks */ = {isa = PBXBuildFile; fileRef = A1B2C3D4E5F60718293A4B79 /* XCTest.framework */; };
		A1B2C3D4E5F60718293A4B90 /* Household.swift in Sources */ = {isa = PBXBuildFile; fileRef = A1B2C3D4E5F60718293A4B95 /* Household.swift */; };
		A1B2C3D4E5F60718293A4B91 /* Member.swift in Sources */ = {isa = PBXBuildFile; fileRef = A1B2C3D4E5F60718293A4B96 /* Member.swift */; };
		A1B2C3D4E5F60718293A4B92 /* Area.swift in Sources */ = {isa = PBXBuildFile; fileRef = A1B2C3D4E5F60718293A4B97 /* Area.swift */; };
		A1B2C3D4E5F60718293A4B93 /* Task.swift in Sources */ = {isa = PBXBuildFile; fileRef = A1B2C3D4E5F60718293A4B98 /* Task.swift */; };
		A1B2C3D4E5F60718293A4B94 /* RecurringChore.swift in Sources */ = {isa = PBXBuildFile; fileRef = A1B2C3D4E5F60718293A4B99 /* RecurringChore.swift */; };
		A1B2C3D4E5F60718293A4B9B /* CloudKitManager.swift in Sources */ = {isa = PBXBuildFile; fileRef = A1B2C3D4E5F60718293A4B9C /* CloudKitManager.swift */; };
		F1D742469FF445D1A5DE82B2 /* AuthenticationService.swift in Sources */ = {isa = PBXBuildFile; fileRef = F23E39F22BF543BF82BAF4F9 /* AuthenticationService.swift */; };
		FFC8C5E849E24E6DBE474133 /* UserSession.swift in Sources */ = {isa = PBXBuildFile; fileRef = 36A73F3BC9DD4B4A97890EEC /* UserSession.swift */; };
		1D4986922D5C4D52B5AFCB1C /* SignInView.swift in Sources */ = {isa = PBXBuildFile; fileRef = C3D1A7F2E84B45DFA676530A /* SignInView.swift */; };
		4DA9D3C5F4374DA7AFB7DDA9 /* CachedTask.swift in Sources */ = {isa = PBXBuildFile; fileRef = 86E3027B463A4CCB87FDC1F0 /* CachedTask.swift */; };
		6207537B0D154DF5A03B56DB /* TaskStore.swift in Sources */ = {isa = PBXBuildFile; fileRef = F1C87AA7BEEF4361BA6DD03D /* TaskStore.swift */; };
		6DB8B430A7844D63ACA3E66F /* TaskListView.swift in Sources */ = {isa = PBXBuildFile; fileRef = 8002B6BF847E4BEEB264BCCE /* TaskListView.swift */; };
		02061E52B5C74E0AB0D73367 /* TaskDetailView.swift in Sources */ = {isa = PBXBuildFile; fileRef = 3C9DF68CCFD84CCD96958C21 /* TaskDetailView.swift */; };
		36258FC6A196428AAD4C0C22 /* HouseholdStore.swift in Sources */ = {isa = PBXBuildFile; fileRef = 14A0E4DF648F4103BE515D90 /* HouseholdStore.swift */; };
		C6D754F86DDD4B59844CC089 /* OnboardingView.swift in Sources */ = {isa = PBXBuildFile; fileRef = EC65D304A5384580AD9E9724 /* OnboardingView.swift */; };
		8D60350E033D46F3B6B944E1 /* AreaStore.swift in Sources */ = {isa = PBXBuildFile; fileRef = CC6E3A1A06B14DD7965A808D /* AreaStore.swift */; };
		56EBB670B95D4B0385265E2E /* AreasView.swift in Sources */ = {isa = PBXBuildFile; fileRef = 40CFCD6FD0AE4845A8AF5631 /* AreasView.swift */; };
		A477D45D71774433A314377F /* RecurringChoreStore.swift in Sources */ = {isa = PBXBuildFile; fileRef = B84E985427504CC48A9AF8C7 /* RecurringChoreStore.swift */; };
		0C8ECE6E2288433FAD9FE1AF /* RecurringChoresView.swift in Sources */ = {isa = PBXBuildFile; fileRef = 28AF10EE9B8B4A09B5DCD599 /* RecurringChoresView.swift */; };
		58C7B005C39841BDAB231817 /* NotificationService.swift in Sources */ = {isa = PBXBuildFile; fileRef = E9B3365D1BCB4D65A686F4A4 /* NotificationService.swift */; };
/* End PBXBuildFile section */

/* Begin PBXContainerItemProxy section */
		A1B2C3D4E5F60718293A4B82 /* PBXContainerItemProxy */ = {
			isa = PBXContainerItemProxy;
			containerPortal = A1B2C3D4E5F60718293A4B5C /* Project object */;
			proxyType = 1;
			remoteGlobalIDString = A1B2C3D4E5F60718293A4B60;
			remoteInfo = FamilyTodo;
		};
/* End PBXContainerItemProxy section */

/* Begin PBXFileReference section */
		A1B2C3D4E5F60718293A4B71 /* FamilyTodoApp.swift */ = {isa = PBXFileReference; lastKnownFileType = sourcecode.swift; path = FamilyTodoApp.swift; sourceTree = "<group>"; };
		A1B2C3D4E5F60718293A4B72 /* ContentView.swift */ = {isa = PBXFileReference; lastKnownFileType = sourcecode.swift; path = ContentView.swift; sourceTree = "<group>"; };
		A1B2C3D4E5F60718293A4B73 /* LaunchScreen.storyboard */ = {isa = PBXFileReference; lastKnownFileType = file.storyboard; path = LaunchScreen.storyboard; sourceTree = "<group>"; };
		A1B2C3D4E5F60718293A4B74 /* FamilyTodoTests.swift */ = {isa = PBXFileReference; lastKnownFileType = sourcecode.swift; path = FamilyTodoTests.swift; sourceTree = "<group>"; };
		7EC3E5BB230C4430890CE54E /* TaskTests.swift */ = {isa = PBXFileReference; lastKnownFileType = sourcecode.swift; path = TaskTests.swift; sourceTree = "<group>"; };
		6FB9690918CA44F5A9EED478 /* AreaTests.swift */ = {isa = PBXFileReference; lastKnownFileType = sourcecode.swift; path = AreaTests.swift; sourceTree = "<group>"; };
		3F05BA5B21AD42F7892B3C0D /* RecurringChoreTests.swift */ = {isa = PBXFileReference; lastKnownFileType = sourcecode.swift; path = RecurringChoreTests.swift; sourceTree = "<group>"; };
		29641B06528147179F25068D /* TaskStoreTests.swift */ = {isa = PBXFileReference; lastKnownFileType = sourcecode.swift; path = TaskStoreTests.swift; sourceTree = "<group>"; };
		3ED568B034B6469B9DEDB614 /* HouseholdTests.swift */ = {isa = PBXFileReference; lastKnownFileType = sourcecode.swift; path = HouseholdTests.swift; sourceTree = "<group>"; };
		A1B2C3D4E5F60718293A4B75 /* FamilyTodo.app */ = {isa = PBXFileReference; explicitFileType = wrapper.application; path = FamilyTodo.app; sourceTree = BUILT_PRODUCTS_DIR; };
		A1B2C3D4E5F60718293A4B76 /* FamilyTodoTests.xctest */ = {isa = PBXFileReference; explicitFileType = wrapper.cfbundle; path = FamilyTodoTests.xctest; sourceTree = BUILT_PRODUCTS_DIR; };
		A1B2C3D4E5F60718293A4B77 /* SwiftUI.framework */ = {isa = PBXFileReference; lastKnownFileType = wrapper.framework; name = SwiftUI.framework; path = System/Library/Frameworks/SwiftUI.framework; sourceTree = SDKROOT; };
		A1B2C3D4E5F60718293A4B78 /* Foundation.framework */ = {isa = PBXFileReference; lastKnownFileType = wrapper.framework; name = Foundation.framework; path = System/Library/Frameworks/Foundation.framework; sourceTree = SDKROOT; };
		A1B2C3D4E5F60718293A4B79 /* XCTest.framework */ = {isa = PBXFileReference; lastKnownFileType = wrapper.framework; name = XCTest.framework; path = System/Library/Frameworks/XCTest.framework; sourceTree = SDKROOT; };
		A1B2C3D4E5F60718293A4B95 /* Household.swift */ = {isa = PBXFileReference; lastKnownFileType = sourcecode.swift; path = Household.swift; sourceTree = "<group>"; };
		A1B2C3D4E5F60718293A4B96 /* Member.swift */ = {isa = PBXFileReference; lastKnownFileType = sourcecode.swift; path = Member.swift; sourceTree = "<group>"; };
		A1B2C3D4E5F60718293A4B97 /* Area.swift */ = {isa = PBXFileReference; lastKnownFileType = sourcecode.swift; path = Area.swift; sourceTree = "<group>"; };
		A1B2C3D4E5F60718293A4B98 /* Task.swift */ = {isa = PBXFileReference; lastKnownFileType = sourcecode.swift; path = Task.swift; sourceTree = "<group>"; };
		A1B2C3D4E5F60718293A4B99 /* RecurringChore.swift */ = {isa = PBXFileReference; lastKnownFileType = sourcecode.swift; path = RecurringChore.swift; sourceTree = "<group>"; };
		A1B2C3D4E5F60718293A4B9C /* CloudKitManager.swift */ = {isa = PBXFileReference; lastKnownFileType = sourcecode.swift; path = CloudKitManager.swift; sourceTree = "<group>"; };
		F23E39F22BF543BF82BAF4F9 /* AuthenticationService.swift */ = {isa = PBXFileReference; lastKnownFileType = sourcecode.swift; path = AuthenticationService.swift; sourceTree = "<group>"; };
		36A73F3BC9DD4B4A97890EEC /* UserSession.swift */ = {isa = PBXFileReference; lastKnownFileType = sourcecode.swift; path = UserSession.swift; sourceTree = "<group>"; };
		C3D1A7F2E84B45DFA676530A /* SignInView.swift */ = {isa = PBXFileReference; lastKnownFileType = sourcecode.swift; path = SignInView.swift; sourceTree = "<group>"; };
		86E3027B463A4CCB87FDC1F0 /* CachedTask.swift */ = {isa = PBXFileReference; lastKnownFileType = sourcecode.swift; path = CachedTask.swift; sourceTree = "<group>"; };
		F1C87AA7BEEF4361BA6DD03D /* TaskStore.swift */ = {isa = PBXFileReference; lastKnownFileType = sourcecode.swift; path = TaskStore.swift; sourceTree = "<group>"; };
		8002B6BF847E4BEEB264BCCE /* TaskListView.swift */ = {isa = PBXFileReference; lastKnownFileType = sourcecode.swift; path = TaskListView.swift; sourceTree = "<group>"; };
		3C9DF68CCFD84CCD96958C21 /* TaskDetailView.swift */ = {isa = PBXFileReference; lastKnownFileType = sourcecode.swift; path = TaskDetailView.swift; sourceTree = "<group>"; };
		14A0E4DF648F4103BE515D90 /* HouseholdStore.swift */ = {isa = PBXFileReference; lastKnownFileType = sourcecode.swift; path = HouseholdStore.swift; sourceTree = "<group>"; };
		EC65D304A5384580AD9E9724 /* OnboardingView.swift */ = {isa = PBXFileReference; lastKnownFileType = sourcecode.swift; path = OnboardingView.swift; sourceTree = "<group>"; };
		CC6E3A1A06B14DD7965A808D /* AreaStore.swift */ = {isa = PBXFileReference; lastKnownFileType = sourcecode.swift; path = AreaStore.swift; sourceTree = "<group>"; };
		40CFCD6FD0AE4845A8AF5631 /* AreasView.swift */ = {isa = PBXFileReference; lastKnownFileType = sourcecode.swift; path = AreasView.swift; sourceTree = "<group>"; };
		B84E985427504CC48A9AF8C7 /* RecurringChoreStore.swift */ = {isa = PBXFileReference; lastKnownFileType = sourcecode.swift; path = RecurringChoreStore.swift; sourceTree = "<group>"; };
		28AF10EE9B8B4A09B5DCD599 /* RecurringChoresView.swift */ = {isa = PBXFileReference; lastKnownFileType = sourcecode.swift; path = RecurringChoresView.swift; sourceTree = "<group>"; };
		E9B3365D1BCB4D65A686F4A4 /* NotificationService.swift */ = {isa = PBXFileReference; lastKnownFileType = sourcecode.swift; path = NotificationService.swift; sourceTree = "<group>"; };
/* End PBXFileReference section */

/* Begin PBXFrameworksBuildPhase section */
		A1B2C3D4E5F60718293A4B6C /* Frameworks */ = {
			isa = PBXFrameworksBuildPhase;
			buildActionMask = 2147483647;
			files = (
				A1B2C3D4E5F60718293A4B7D /* SwiftUI.framework in Frameworks */,
				A1B2C3D4E5F60718293A4B7E /* Foundation.framework in Frameworks */,
			);
			runOnlyForDeploymentPostprocessing = 0;
		};
		A1B2C3D4E5F60718293A4B6F /* Frameworks */ = {
			isa = PBXFrameworksBuildPhase;
			buildActionMask = 2147483647;
			files = (
				A1B2C3D4E5F60718293A4B80 /* XCTest.framework in Frameworks */,
			);
			runOnlyForDeploymentPostprocessing = 0;
		};
/* End PBXFrameworksBuildPhase section */

/* Begin PBXGroup section */
		A1B2C3D4E5F60718293A4B5D /* FamilyTodo */ = {
			isa = PBXGroup;
			children = (
								036C63C7535047ED91F4794B /* Services */,
				2253304769774D3792B036F0 /* Views */,
				FA1C0439FFD449E092083889 /* Stores */,
				A1B2C3D4E5F60718293A4B9D /* Managers */,
				A1B2C3D4E5F60718293A4B9A /* Models */,
				A1B2C3D4E5F60718293A4B71 /* FamilyTodoApp.swift */,
				A1B2C3D4E5F60718293A4B72 /* ContentView.swift */,
				A1B2C3D4E5F60718293A4B73 /* LaunchScreen.storyboard */,
			);
			path = FamilyTodo;
			sourceTree = "<group>";
		};
		A1B2C3D4E5F60718293A4B9D /* Managers */ = {
			isa = PBXGroup;
			children = (
				A1B2C3D4E5F60718293A4B9C /* CloudKitManager.swift */,
			);
			path = Managers;
			sourceTree = "<group>";
		};
		A1B2C3D4E5F60718293A4B9A /* Models */ = {
			isa = PBXGroup;
			children = (
				86E3027B463A4CCB87FDC1F0 /* CachedTask.swift */,
				A1B2C3D4E5F60718293A4B95 /* Household.swift */,
				A1B2C3D4E5F60718293A4B96 /* Member.swift */,
				A1B2C3D4E5F60718293A4B97 /* Area.swift */,
				A1B2C3D4E5F60718293A4B98 /* Task.swift */,
				A1B2C3D4E5F60718293A4B99 /* RecurringChore.swift */,
			);
			path = Models;
			sourceTree = "<group>";
		};
		A1B2C3D4E5F60718293A4B5E /* Products */ = {
			isa = PBXGroup;
			children = (
				A1B2C3D4E5F60718293A4B75 /* FamilyTodo.app */,
				A1B2C3D4E5F60718293A4B76 /* FamilyTodoTests.xctest */,
			);
			name = Products;
			sourceTree = "<group>";
		};
		A1B2C3D4E5F60718293A4B5F /* Frameworks */ = {
			isa = PBXGroup;
			children = (
				A1B2C3D4E5F60718293A4B78 /* Foundation.framework */,
				A1B2C3D4E5F60718293A4B77 /* SwiftUI.framework */,
				A1B2C3D4E5F60718293A4B79 /* XCTest.framework */,
			);
			name = Frameworks;
			sourceTree = "<group>";
		};
		A1B2C3D4E5F60718293A4B83 /* FamilyTodoTests */ = {
			isa = PBXGroup;
			children = (
				A1B2C3D4E5F60718293A4B74 /* FamilyTodoTests.swift */,
				7EC3E5BB230C4430890CE54E /* TaskTests.swift */,
				6FB9690918CA44F5A9EED478 /* AreaTests.swift */,
				3F05BA5B21AD42F7892B3C0D /* RecurringChoreTests.swift */,
				29641B06528147179F25068D /* TaskStoreTests.swift */,
				3ED568B034B6469B9DEDB614 /* HouseholdTests.swift */,
			);
			path = FamilyTodoTests;
			sourceTree = "<group>";
		};
		A1B2C3D4E5F60718293A4B5C /* Project object */ = {
			isa = PBXProject;
			attributes = {
				BuildIndependentTargetsInParallel = YES;
				LastUpgradeCheck = 1520;
				LastSwiftUpdateCheck = 1520;
				TargetAttributes = {
					A1B2C3D4E5F60718293A4B60 = {
						CreatedOnToolsVersion = 15.2;
					};
					A1B2C3D4E5F60718293A4B61 = {
						CreatedOnToolsVersion = 15.2;
						TestTargetID = A1B2C3D4E5F60718293A4B60;
					};
				};
			};
			buildConfigurationList = A1B2C3D4E5F60718293A4B62 /* Build configuration list for PBXProject "FamilyTodo" */;
			compatibilityVersion = "Xcode 15.0";
			developmentRegion = en;
			hasScannedForEncodings = 0;
			knownRegions = (
				en,
				Base,
			);
			mainGroup = A1B2C3D4E5F60718293A4B84;
			productRefGroup = A1B2C3D4E5F60718293A4B5E;
			projectDirPath = "";
			projectRoot = "";
			targets = (
				A1B2C3D4E5F60718293A4B60 /* FamilyTodo */,
				A1B2C3D4E5F60718293A4B61 /* FamilyTodoTests */,
			);
		};
		A1B2C3D4E5F60718293A4B84 /* Main Group */ = {
			isa = PBXGroup;
			children = (
				A1B2C3D4E5F60718293A4B5D /* FamilyTodo */,
				A1B2C3D4E5F60718293A4B83 /* FamilyTodoTests */,
				A1B2C3D4E5F60718293A4B5E /* Products */,
				A1B2C3D4E5F60718293A4B5F /* Frameworks */,
			);
			name = "FamilyTodo";
			sourceTree = "<group>";
		};
		036C63C7535047ED91F4794B /* Services */ = {
			isa = PBXGroup;
			children = (
				E9B3365D1BCB4D65A686F4A4 /* NotificationService.swift */,
				F23E39F22BF543BF82BAF4F9 /* AuthenticationService.swift */,
				36A73F3BC9DD4B4A97890EEC /* UserSession.swift */,
			);
			path = Services;
			sourceTree = "<group>";
		};
		2253304769774D3792B036F0 /* Views */ = {
			isa = PBXGroup;
			children = (
				28AF10EE9B8B4A09B5DCD599 /* RecurringChoresView.swift */,
				40CFCD6FD0AE4845A8AF5631 /* AreasView.swift */,
				EC65D304A5384580AD9E9724 /* OnboardingView.swift */,
				8002B6BF847E4BEEB264BCCE /* TaskListView.swift */,
				3C9DF68CCFD84CCD96958C21 /* TaskDetailView.swift */,
				C3D1A7F2E84B45DFA676530A /* SignInView.swift */,
			);
			path = Views;
			sourceTree = "<group>";
		};
		FA1C0439FFD449E092083889 /* Stores */ = {
			isa = PBXGroup;
			children = (
				B84E985427504CC48A9AF8C7 /* RecurringChoreStore.swift */,
				CC6E3A1A06B14DD7965A808D /* AreaStore.swift */,
				14A0E4DF648F4103BE515D90 /* HouseholdStore.swift */,
				F1C87AA7BEEF4361BA6DD03D /* TaskStore.swift */,
			);
			path = Stores;
			sourceTree = "<group>";
		};
/* End PBXGroup section */

/* Begin PBXNativeTarget section */
		A1B2C3D4E5F60718293A4B60 /* FamilyTodo */ = {
			isa = PBXNativeTarget;
			buildConfigurationList = A1B2C3D4E5F60718293A4B63 /* Build configuration list for PBXNativeTarget "FamilyTodo" */;
			buildPhases = (
				A1B2C3D4E5F60718293A4B6B /* Sources */,
				A1B2C3D4E5F60718293A4B6C /* Frameworks */,
				A1B2C3D4E5F60718293A4B6D /* Resources */,
			);
			buildRules = (
			);
			dependencies = (
			);
			name = FamilyTodo;
			productName = FamilyTodo;
			productReference = A1B2C3D4E5F60718293A4B75 /* FamilyTodo.app */;
			productType = "com.apple.product-type.application";
		};
		A1B2C3D4E5F60718293A4B61 /* FamilyTodoTests */ = {
			isa = PBXNativeTarget;
			buildConfigurationList = A1B2C3D4E5F60718293A4B64 /* Build configuration list for PBXNativeTarget "FamilyTodoTests" */;
			buildPhases = (
				A1B2C3D4E5F60718293A4B6E /* Sources */,
				A1B2C3D4E5F60718293A4B6F /* Frameworks */,
				A1B2C3D4E5F60718293A4B70 /* Resources */,
			);
			buildRules = (
			);
			dependencies = (
				A1B2C3D4E5F60718293A4B81 /* PBXTargetDependency */,
			);
			name = FamilyTodoTests;
			productName = FamilyTodoTests;
			productReference = A1B2C3D4E5F60718293A4B76 /* FamilyTodoTests.xctest */;
			productType = "com.apple.product-type.bundle.unit-test";
		};
/* End PBXNativeTarget section */

/* Begin PBXResourcesBuildPhase section */
		A1B2C3D4E5F60718293A4B6D /* Resources */ = {
			isa = PBXResourcesBuildPhase;
			buildActionMask = 2147483647;
			files = (
				A1B2C3D4E5F60718293A4B7C /* LaunchScreen.storyboard in Resources */,
			);
			runOnlyForDeploymentPostprocessing = 0;
		};
		A1B2C3D4E5F60718293A4B70 /* Resources */ = {
			isa = PBXResourcesBuildPhase;
			buildActionMask = 2147483647;
			files = (
			);
			runOnlyForDeploymentPostprocessing = 0;
		};
/* End PBXResourcesBuildPhase section */

/* Begin PBXSourcesBuildPhase section */
		A1B2C3D4E5F60718293A4B6B /* Sources */ = {
			isa = PBXSourcesBuildPhase;
			buildActionMask = 2147483647;
			files = (
				58C7B005C39841BDAB231817 /* NotificationService.swift in Sources */,
				A477D45D71774433A314377F /* RecurringChoreStore.swift in Sources */,
				0C8ECE6E2288433FAD9FE1AF /* RecurringChoresView.swift in Sources */,
				8D60350E033D46F3B6B944E1 /* AreaStore.swift in Sources */,
				56EBB670B95D4B0385265E2E /* AreasView.swift in Sources */,
				36258FC6A196428AAD4C0C22 /* HouseholdStore.swift in Sources */,
				C6D754F86DDD4B59844CC089 /* OnboardingView.swift in Sources */,
				4DA9D3C5F4374DA7AFB7DDA9 /* CachedTask.swift in Sources */,
				6207537B0D154DF5A03B56DB /* TaskStore.swift in Sources */,
				6DB8B430A7844D63ACA3E66F /* TaskListView.swift in Sources */,
				02061E52B5C74E0AB0D73367 /* TaskDetailView.swift in Sources */,
				A1B2C3D4E5F60718293A4B7A /* FamilyTodoApp.swift in Sources */,
				A1B2C3D4E5F60718293A4B7B /* ContentView.swift in Sources */,
				A1B2C3D4E5F60718293A4B90 /* Household.swift in Sources */,
				A1B2C3D4E5F60718293A4B91 /* Member.swift in Sources */,
				A1B2C3D4E5F60718293A4B92 /* Area.swift in Sources */,
				A1B2C3D4E5F60718293A4B93 /* Task.swift in Sources */,
				A1B2C3D4E5F60718293A4B94 /* RecurringChore.swift in Sources */,
								F1D742469FF445D1A5DE82B2 /* AuthenticationService.swift in Sources */,
				FFC8C5E849E24E6DBE474133 /* UserSession.swift in Sources */,
				1D4986922D5C4D52B5AFCB1C /* SignInView.swift in Sources */,
				A1B2C3D4E5F60718293A4B9B /* CloudKitManager.swift in Sources */,
			);
			runOnlyForDeploymentPostprocessing = 0;
		};
		A1B2C3D4E5F60718293A4B6E /* Sources */ = {
			isa = PBXSourcesBuildPhase;
			buildActionMask = 2147483647;
			files = (
				A1B2C3D4E5F60718293A4B7F /* FamilyTodoTests.swift in Sources */,
				9AD2462A5669453EB9F955B9 /* TaskTests.swift in Sources */,
				876CFC844FDA4A5A8389BE88 /* AreaTests.swift in Sources */,
				AEB5F4493DE64BFD9C3E2585 /* RecurringChoreTests.swift in Sources */,
				138C369E69FA4BD6BE083A14 /* TaskStoreTests.swift in Sources */,
				58EAF879003D4F968B10E438 /* HouseholdTests.swift in Sources */,
			);
			runOnlyForDeploymentPostprocessing = 0;
		};
/* End PBXSourcesBuildPhase section */

/* Begin PBXTargetDependency section */
		A1B2C3D4E5F60718293A4B81 /* PBXTargetDependency */ = {
			isa = PBXTargetDependency;
			target = A1B2C3D4E5F60718293A4B60 /* FamilyTodo */;
			targetProxy = A1B2C3D4E5F60718293A4B82 /* PBXContainerItemProxy */;
		};
/* End PBXTargetDependency section */

/* Begin XCBuildConfiguration section */
		A1B2C3D4E5F60718293A4B65 /* Debug */ = {
			isa = XCBuildConfiguration;
			buildSettings = {
				ALWAYS_SEARCH_USER_PATHS = NO;
				CLANG_ENABLE_MODULES = YES;
				CURRENT_PROJECT_VERSION = 1;
				DEVELOPMENT_TEAM = "";
				ENABLE_TESTABILITY = YES;
				IPHONEOS_DEPLOYMENT_TARGET = 17.0;
				MARKETING_VERSION = 1.0;
				PRODUCT_NAME = "$(TARGET_NAME)";
				SWIFT_VERSION = 5.9;
				TARGETED_DEVICE_FAMILY = 1;
			};
			name = Debug;
		};
		A1B2C3D4E5F60718293A4B66 /* Release */ = {
			isa = XCBuildConfiguration;
			buildSettings = {
				ALWAYS_SEARCH_USER_PATHS = NO;
				CLANG_ENABLE_MODULES = YES;
				CURRENT_PROJECT_VERSION = 1;
				DEVELOPMENT_TEAM = "";
				IPHONEOS_DEPLOYMENT_TARGET = 17.0;
				MARKETING_VERSION = 1.0;
				PRODUCT_NAME = "$(TARGET_NAME)";
				SWIFT_COMPILATION_MODE = wholemodule;
				SWIFT_VERSION = 5.9;
				TARGETED_DEVICE_FAMILY = 1;
			};
			name = Release;
		};
		A1B2C3D4E5F60718293A4B67 /* Debug */ = {
			isa = XCBuildConfiguration;
			buildSettings = {
				ASSETCATALOG_COMPILER_APPICON_NAME = "";
				ASSETCATALOG_COMPILER_GLOBAL_ACCENT_COLOR_NAME = "";
				CLANG_ENABLE_MODULES = YES;
				CODE_SIGN_STYLE = Automatic;
				DEVELOPMENT_TEAM = "";
				GENERATE_INFOPLIST_FILE = YES;
				INFOPLIST_KEY_UIApplicationSceneManifest_Generation = YES;
				INFOPLIST_KEY_UILaunchScreenName = LaunchScreen;
				IPHONEOS_DEPLOYMENT_TARGET = 17.0;
				SDKROOT = iphoneos;
				SUPPORTED_PLATFORMS = "iphoneos iphonesimulator";
				LD_RUNPATH_SEARCH_PATHS = (
					"$(inherited)",
					"@executable_path/Frameworks",
				);
				PRODUCT_BUNDLE_IDENTIFIER = com.example.familytodo;
				PRODUCT_NAME = "$(TARGET_NAME)";
				SWIFT_VERSION = 5.9;
				TARGETED_DEVICE_FAMILY = 1;
			};
			name = Debug;
		};
		A1B2C3D4E5F60718293A4B68 /* Release */ = {
			isa = XCBuildConfiguration;
			buildSettings = {
				ASSETCATALOG_COMPILER_APPICON_NAME = "";
				ASSETCATALOG_COMPILER_GLOBAL_ACCENT_COLOR_NAME = "";
				CLANG_ENABLE_MODULES = YES;
				CODE_SIGN_STYLE = Automatic;
				DEVELOPMENT_TEAM = "";
				GENERATE_INFOPLIST_FILE = YES;
				INFOPLIST_KEY_UIApplicationSceneManifest_Generation = YES;
				INFOPLIST_KEY_UILaunchScreenName = LaunchScreen;
				IPHONEOS_DEPLOYMENT_TARGET = 17.0;
				SDKROOT = iphoneos;
				SUPPORTED_PLATFORMS = "iphoneos iphonesimulator";
				LD_RUNPATH_SEARCH_PATHS = (

					"$(inherited)",
					"@executable_path/Frameworks",
				);
				PRODUCT_BUNDLE_IDENTIFIER = com.example.familytodo;
				PRODUCT_NAME = "$(TARGET_NAME)";
				SWIFT_COMPILATION_MODE = wholemodule;
				SWIFT_VERSION = 5.9;
				TARGETED_DEVICE_FAMILY = 1;
			};
			name = Release;
		};
		A1B2C3D4E5F60718293A4B69 /* Debug */ = {
			isa = XCBuildConfiguration;
			buildSettings = {
				CLANG_ENABLE_MODULES = YES;
				CODE_SIGN_STYLE = Automatic;
				DEVELOPMENT_TEAM = "";
				GENERATE_INFOPLIST_FILE = YES;
				IPHONEOS_DEPLOYMENT_TARGET = 17.0;
				SDKROOT = iphoneos;
				SUPPORTED_PLATFORMS = "iphoneos iphonesimulator";
				LD_RUNPATH_SEARCH_PATHS = (
					"$(inherited)",
					"@executable_path/Frameworks",
					"@loader_path/Frameworks",
				);
				PRODUCT_BUNDLE_IDENTIFIER = com.example.familytodo.tests;
				PRODUCT_NAME = "$(TARGET_NAME)";
				SWIFT_VERSION = 5.9;
				TARGETED_DEVICE_FAMILY = 1;
			};
			name = Debug;
		};
		A1B2C3D4E5F60718293A4B6A /* Release */ = {
			isa = XCBuildConfiguration;
			buildSettings = {
				CLANG_ENABLE_MODULES = YES;
				CODE_SIGN_STYLE = Automatic;
				DEVELOPMENT_TEAM = "";
				GENERATE_INFOPLIST_FILE = YES;
				IPHONEOS_DEPLOYMENT_TARGET = 17.0;
				SDKROOT = iphoneos;
				SUPPORTED_PLATFORMS = "iphoneos iphonesimulator";
				LD_RUNPATH_SEARCH_PATHS = (
					"$(inherited)",
					"@executable_path/Frameworks",
					"@loader_path/Frameworks",
				);
				PRODUCT_BUNDLE_IDENTIFIER = com.example.familytodo.tests;
				PRODUCT_NAME = "$(TARGET_NAME)";
				SWIFT_COMPILATION_MODE = wholemodule;
				SWIFT_VERSION = 5.9;
				TARGETED_DEVICE_FAMILY = 1;
			};
			name = Release;
		};
/* End XCBuildConfiguration section */

/* Begin XCConfigurationList section */
		A1B2C3D4E5F60718293A4B62 /* Build configuration list for PBXProject "FamilyTodo" */ = {
			isa = XCConfigurationList;
			buildConfigurations = (
				A1B2C3D4E5F60718293A4B65 /* Debug */,
				A1B2C3D4E5F60718293A4B66 /* Release */,
			);
			defaultConfigurationIsVisible = 0;
			defaultConfigurationName = Release;
		};
		A1B2C3D4E5F60718293A4B63 /* Build configuration list for PBXNativeTarget "FamilyTodo" */ = {
			isa = XCConfigurationList;
			buildConfigurations = (
				A1B2C3D4E5F60718293A4B67 /* Debug */,
				A1B2C3D4E5F60718293A4B68 /* Release */,
			);
			defaultConfigurationIsVisible = 0;
			defaultConfigurationName = Release;
		};
		A1B2C3D4E5F60718293A4B64 /* Build configuration list for PBXNativeTarget "FamilyTodoTests" */ = {
			isa = XCConfigurationList;
			buildConfigurations = (
				A1B2C3D4E5F60718293A4B69 /* Debug */,
				A1B2C3D4E5F60718293A4B6A /* Release */,
			);
			defaultConfigurationIsVisible = 0;
			defaultConfigurationName = Release;
		};
/* End XCConfigurationList section */
	};
	rootObject = A1B2C3D4E5F60718293A4B5C /* Project object */;
}
