// !$*UTF8*$!
{
	archiveVersion = 1;
	classes = {};
	objectVersion = 56;
	objects = {

/* Begin PBXBuildFile section */
		D8A148526B034E92ADDBC14A /* NewItemsBanner.swift in Sources */ = {isa = PBXBuildFile; fileRef = 848E1F71D41541C8AFF5824E /* NewItemsBanner.swift */; };
		D8A148526B034E92ADDBC14B /* ThemedEmptyStateView.swift in Sources */ = {isa = PBXBuildFile; fileRef = 848E1F71D41541C8AFF5824F /* ThemedEmptyStateView.swift */; };
		D8A148526B034E92ADDBC14C /* SyncStatusPill.swift in Sources */ = {isa = PBXBuildFile; fileRef = 848E1F71D41541C8AFF58250 /* SyncStatusPill.swift */; };
		RCBUILD0000000000000001 /* RevenueCat in Frameworks */ = {isa = PBXBuildFile; productRef = RCPRODUCT00000000000001 /* RevenueCat */; };
		RCBUILD0000000000000002 /* RevenueCatUI in Frameworks */ = {isa = PBXBuildFile; productRef = RCPRODUCT00000000000002 /* RevenueCatUI */; };
		RCSRCBUILD0000000000001 /* SubscriptionManager.swift in Sources */ = {isa = PBXBuildFile; fileRef = RCSRCFILE0000000000001 /* SubscriptionManager.swift */; };
		SECRETSBUILD00000000001 /* Secrets.swift in Sources */ = {isa = PBXBuildFile; fileRef = SECRETSFILE0000000001 /* Secrets.swift */; };
		1640C04D97C34B6D908BC1E1 /* CloudKitSubscriptionManager.swift in Sources */ = {isa = PBXBuildFile; fileRef = A64C673C65F9499681214CF6 /* CloudKitSubscriptionManager.swift */; };
		599F980C2C18433EA5926134 /* InteractionTokens.swift in Sources */ = {isa = PBXBuildFile; fileRef = 26545708FFCD49269BCBA414 /* InteractionTokens.swift */; };
		AC435B3B5E184CB7ADCE00FE /* GuidedEmptyStateView.swift in Sources */ = {isa = PBXBuildFile; fileRef = 2817BEA946394BE4B5F046F9 /* GuidedEmptyStateView.swift */; };
		563FC947EF3C436E9933FE60 /* CreateHouseholdView.swift in Sources */ = {isa = PBXBuildFile; fileRef = 597ABC43D02B456AACDD7496 /* CreateHouseholdView.swift */; };
		582ACFA9A52742C481988782 /* SyncSelectionView.swift in Sources */ = {isa = PBXBuildFile; fileRef = B6BB86C851AF4073A7C45BA2 /* SyncSelectionView.swift */; };
		6A92F0C762E94B81ABC115A8 /* OnboardingCarouselView.swift in Sources */ = {isa = PBXBuildFile; fileRef = 4A7F1C0A38034297BB87CA37 /* OnboardingCarouselView.swift */; };
		30536BDF090F495C8165E191 /* AuroraBackground.swift in Sources */ = {isa = PBXBuildFile; fileRef = F71DCE06B5114FE99C1FDF4B /* AuroraBackground.swift */; };
		9BE2310AFBDC43DCA1A7D081 /* OnboardingState.swift in Sources */ = {isa = PBXBuildFile; fileRef = 018556C9F7064BC3BAF7112E /* OnboardingState.swift */; };
		9F7A1B2C3D4E5F60718293A1 /* StartupLaunchDirector.swift in Sources */ = {isa = PBXBuildFile; fileRef = 9F7A1B2C3D4E5F60718293A2 /* StartupLaunchDirector.swift */; };
		57718B5777DA4E819676A7A2 /* HapticManager.swift in Sources */ = {isa = PBXBuildFile; fileRef = DA591D77C780445A82FEE9E0 /* HapticManager.swift */; };
			F0B100000000000000000001 /* InviteInputNormalizer.swift in Sources */ = {isa = PBXBuildFile; fileRef = F0A100000000000000000001 /* InviteInputNormalizer.swift */; };
			F0B100000000000000000006 /* SwiftDataContainerFactory.swift in Sources */ = {isa = PBXBuildFile; fileRef = F0A100000000000000000006 /* SwiftDataContainerFactory.swift */; };
			F0B100000000000000000007 /* StartupSentinel.swift in Sources */ = {isa = PBXBuildFile; fileRef = F0A100000000000000000007 /* StartupSentinel.swift */; };
			F0B100000000000000000008 /* StartupRecoveryView.swift in Sources */ = {isa = PBXBuildFile; fileRef = F0A100000000000000000008 /* StartupRecoveryView.swift */; };
		5BEEEE7F89A8433F92A7D492 /* Household.swift in Sources */ = {isa = PBXBuildFile; fileRef = 5E1674080DA4453DBCD21C18 /* Household.swift */; };
		6E1645FA58BB4C66A2BE9E5D /* CachedHousehold.swift in Sources */ = {isa = PBXBuildFile; fileRef = E896C65571D94FEE8308FB98 /* CachedHousehold.swift */; };
		F7C1B9DBB0C84D5E9C893342 /* HouseholdStore.swift in Sources */ = {isa = PBXBuildFile; fileRef = AF93CA8D49114B14908933E2 /* HouseholdStore.swift */; };
		42AF2BD4E67B4E4089E8DFF0 /* MemberStore.swift in Sources */ = {isa = PBXBuildFile; fileRef = E94A7266F9D14F8D946AEF56 /* MemberStore.swift */; };
		2D2B97BA688E4FDCAE447F4C /* ShareInviteView.swift in Sources */ = {isa = PBXBuildFile; fileRef = 87B61353E03D4281BE68CF00 /* ShareInviteView.swift */; };
			0361DF1A50DB4C8E84281CF1 /* CachedBacklogCategory.swift in Sources */ = {isa = PBXBuildFile; fileRef = 8B943208162D40CC83A90412 /* CachedBacklogCategory.swift */; };
			92DC27B1D58F47828A1672F0 /* CachedBacklogItem.swift in Sources */ = {isa = PBXBuildFile; fileRef = 1590E14261EB4996992A7F56 /* CachedBacklogItem.swift */; };
			WI000000000000000001 /* CachedWorkItem.swift in Sources */ = {isa = PBXBuildFile; fileRef = WIREF000000000000000001 /* CachedWorkItem.swift */; };
			CA4CB8EAC00047E6B4BEDF34 /* BacklogStore.swift in Sources */ = {isa = PBXBuildFile; fileRef = 59CD19CBC26F4EA28F7461BB /* BacklogStore.swift */; };
		F1A2B3C4D5E6F708192A3B4D /* InviteToken.swift in Sources */ = {isa = PBXBuildFile; fileRef = F1A2B3C4D5E6F708192A3B4E /* InviteToken.swift */; };
		A1B2C3D4E5F60718293A4B7A /* FamilyTodoApp.swift in Sources */ = {isa = PBXBuildFile; fileRef = A1B2C3D4E5F60718293A4B71 /* FamilyTodoApp.swift */; };
		A1B2C3D4E5F60718293A4B7B /* ContentView.swift in Sources */ = {isa = PBXBuildFile; fileRef = A1B2C3D4E5F60718293A4B72 /* ContentView.swift */; };
		A1B2C3D4E5F60718293A4B7C /* LaunchScreen.storyboard in Resources */ = {isa = PBXBuildFile; fileRef = A1B2C3D4E5F60718293A4B73 /* LaunchScreen.storyboard */; };
		ASSETSXCASS3TS00000000001 /* Assets.xcassets in Resources */ = {isa = PBXBuildFile; fileRef = ASSETSXCASS3TS00000000002 /* Assets.xcassets */; };
		FONTBUILD000000000000001 /* PressStart2P-Regular.ttf in Resources */ = {isa = PBXBuildFile; fileRef = FONTFILE0000000000000001 /* PressStart2P-Regular.ttf */; };
		FONTBUILD000000000000002 /* CaveatBrush-Regular.ttf in Resources */ = {isa = PBXBuildFile; fileRef = FONTFILE0000000000000002 /* CaveatBrush-Regular.ttf */; };
		FONTBUILD000000000000003 /* SpecialElite-Regular.ttf in Resources */ = {isa = PBXBuildFile; fileRef = FONTFILE0000000000000003 /* SpecialElite-Regular.ttf */; };
		A1B2C3D4E5F60718293A4B7D /* SwiftUI.framework in Frameworks */ = {isa = PBXBuildFile; fileRef = A1B2C3D4E5F60718293A4B77 /* SwiftUI.framework */; };
		A1B2C3D4E5F60718293A4B7E /* Foundation.framework in Frameworks */ = {isa = PBXBuildFile; fileRef = A1B2C3D4E5F60718293A4B78 /* Foundation.framework */; };
		A1B2C3D4E5F60718293A4B7F /* FamilyTodoTests.swift in Sources */ = {isa = PBXBuildFile; fileRef = A1B2C3D4E5F60718293A4B74 /* FamilyTodoTests.swift */; };
		9AD2462A5669453EB9F955B9 /* TaskTests.swift in Sources */ = {isa = PBXBuildFile; fileRef = 7EC3E5BB230C4430890CE54E /* TaskTests.swift */; };
		138C369E69FA4BD6BE083A14 /* TaskStoreTests.swift in Sources */ = {isa = PBXBuildFile; fileRef = 29641B06528147179F25068D /* TaskStoreTests.swift */; };
		58EAF879003D4F968B10E438 /* HouseholdTests.swift in Sources */ = {isa = PBXBuildFile; fileRef = 3ED568B034B6469B9DEDB614 /* HouseholdTests.swift */; };
		HJOINBUILD0000000000001 /* HouseholdJoinFlowTests.swift in Sources */ = {isa = PBXBuildFile; fileRef = HJOINFILE00000000000001 /* HouseholdJoinFlowTests.swift */; };
		HRSYNCBUILD000000000001 /* HouseholdRemoteSyncTests.swift in Sources */ = {isa = PBXBuildFile; fileRef = HRSYNCFILE000000000001 /* HouseholdRemoteSyncTests.swift */; };
		HSYNCBATCHTESTBUILD01 /* HouseholdSyncBatchTests.swift in Sources */ = {isa = PBXBuildFile; fileRef = HSYNCBATCHTESTFILE01 /* HouseholdSyncBatchTests.swift */; };
		HSYNCTESTBUILD000000001 /* HouseholdSyncCoordinatorTests.swift in Sources */ = {isa = PBXBuildFile; fileRef = HSYNCTESTFILE000000001 /* HouseholdSyncCoordinatorTests.swift */; };
		HSYNCINVWATCHTESTBUILD01 /* HouseholdSyncCoordinatorInviteWatchTests.swift in Sources */ = {isa = PBXBuildFile; fileRef = HSYNCINVWATCHTESTFILE01 /* HouseholdSyncCoordinatorInviteWatchTests.swift */; };
		HSYNCVISCHGTESTBUILD1 /* HouseholdSyncCoordinatorVisibleChangesTests.swift in Sources */ = {isa = PBXBuildFile; fileRef = HSYNCVISCHGTESTFILE1 /* HouseholdSyncCoordinatorVisibleChangesTests.swift */; };
		HSNAPSHOTTESTBUILD0001 /* HouseholdCloudSnapshotLoaderTests.swift in Sources */ = {isa = PBXBuildFile; fileRef = HSNAPSHOTTESTFILE0001 /* HouseholdCloudSnapshotLoaderTests.swift */; };
		JOINBOOTTESTBUILD000001 /* CloudKitManagerJoinBootstrapTests.swift in Sources */ = {isa = PBXBuildFile; fileRef = JOINBOOTTESTFILE0000001 /* CloudKitManagerJoinBootstrapTests.swift */; };
		IPADTESTBUILD0000000001 /* ProjectConfigurationTests.swift in Sources */ = {isa = PBXBuildFile; fileRef = IPADTESTFILE0000000001 /* ProjectConfigurationTests.swift */; };
		B3F1A2C4D5E6F708192A3B41 /* ShoppingListStoreTests.swift in Sources */ = {isa = PBXBuildFile; fileRef = B3F1A2C4D5E6F708192A3B42 /* ShoppingListStoreTests.swift */; };
			F0B200000000000000000001 /* InviteInputNormalizerTests.swift in Sources */ = {isa = PBXBuildFile; fileRef = F0A200000000000000000001 /* InviteInputNormalizerTests.swift */; };
			F0B200000000000000000002 /* OnboardingStateTests.swift in Sources */ = {isa = PBXBuildFile; fileRef = F0A200000000000000000002 /* OnboardingStateTests.swift */; };
			F0B200000000000000000003 /* SwiftDataContainerFactoryTests.swift in Sources */ = {isa = PBXBuildFile; fileRef = F0A200000000000000000003 /* SwiftDataContainerFactoryTests.swift */; };
		F2A3B4C5D6E7F8091A2B3C4D /* InviteCodeFlowTests.swift in Sources */ = {isa = PBXBuildFile; fileRef = F2A3B4C5D6E7F8091A2B3C4E /* InviteCodeFlowTests.swift */; };
		A1B2C3D4E5F60718293A4B80 /* XCTest.framework in Frameworks */ = {isa = PBXBuildFile; fileRef = A1B2C3D4E5F60718293A4B79 /* XCTest.framework */; };
		A1B2C3D4E5F60718293A4B91 /* Member.swift in Sources */ = {isa = PBXBuildFile; fileRef = A1B2C3D4E5F60718293A4B96 /* Member.swift */; };
		A1B2C3D4E5F60718293A4B93 /* Task.swift in Sources */ = {isa = PBXBuildFile; fileRef = A1B2C3D4E5F60718293A4B98 /* Task.swift */; };
		D1F7A0C7A07C4C67B7B8B4A1 /* ShoppingItem.swift in Sources */ = {isa = PBXBuildFile; fileRef = B2A1C9E97C3F4E6D9A0F1B2C /* ShoppingItem.swift */; };
		E3C9F1B3FAE44A9A91D2F23C /* ShoppingListStore.swift in Sources */ = {isa = PBXBuildFile; fileRef = C9D7A1E4F2B64C77B8A9C0D1 /* ShoppingListStore.swift */; };
		A1B2C3D4E5F60718293A4B9B /* CloudKitManager.swift in Sources */ = {isa = PBXBuildFile; fileRef = A1B2C3D4E5F60718293A4B9C /* CloudKitManager.swift */; };
		A1B2C3D4E5F60718293A4B9D1 /* CloudKitManager+Mapping.swift in Sources */ = {isa = PBXBuildFile; fileRef = A1B2C3D4E5F60718293A4B9D2 /* CloudKitManager+Mapping.swift */; };
		F1D742469FF445D1A5DE82B2 /* AuthenticationService.swift in Sources */ = {isa = PBXBuildFile; fileRef = F23E39F22BF543BF82BAF4F9 /* AuthenticationService.swift */; };
		FFC8C5E849E24E6DBE474133 /* UserSession.swift in Sources */ = {isa = PBXBuildFile; fileRef = 36A73F3BC9DD4B4A97890EEC /* UserSession.swift */; };
		D1C0D1A1A1A1A1A1A1A1A1A1 /* CloudKitDiagnosticsState.swift in Sources */ = {isa = PBXBuildFile; fileRef = D1C0D1A1A1A1A1A1A1A1A1A2 /* CloudKitDiagnosticsState.swift */; };
		CKTOKENBUILD0000000001 /* CloudKitChangeTokenStore.swift in Sources */ = {isa = PBXBuildFile; fileRef = CKTOKENFILE0000000001 /* CloudKitChangeTokenStore.swift */; };
		1D4986922D5C4D52B5AFCB1C /* SignInView.swift in Sources */ = {isa = PBXBuildFile; fileRef = C3D1A7F2E84B45DFA676530A /* SignInView.swift */; };
			4DA9D3C5F4374DA7AFB7DDA9 /* CachedTask.swift in Sources */ = {isa = PBXBuildFile; fileRef = 86E3027B463A4CCB87FDC1F0 /* CachedTask.swift */; };
			6207537B0D154DF5A03B56DB /* TaskStore.swift in Sources */ = {isa = PBXBuildFile; fileRef = F1C87AA7BEEF4361BA6DD03D /* TaskStore.swift */; };
			WI000000000000000002 /* WorkItem.swift in Sources */ = {isa = PBXBuildFile; fileRef = WIREF000000000000000002 /* WorkItem.swift */; };
			WI000000000000000003 /* WorkItemCacheMigrator.swift in Sources */ = {isa = PBXBuildFile; fileRef = WIREF000000000000000003 /* WorkItemCacheMigrator.swift */; };
			WI000000000000000004 /* WorkItemCacheStoreSupport.swift in Sources */ = {isa = PBXBuildFile; fileRef = WIREF000000000000000004 /* WorkItemCacheStoreSupport.swift */; };
			C3D4E5F60718293A4B5C6D7E /* ThemeStore.swift in Sources */ = {isa = PBXBuildFile; fileRef = D4E5F60718293A4B5C6D7E8F /* ThemeStore.swift */; };
		B8F1C2D3E4F5061728394B5C /* AppColors.swift in Sources */ = {isa = PBXBuildFile; fileRef = F2A6C8D1E3B44F10A1B2C3D4 /* AppColors.swift */; };
		FONTREG0000000000000001 /* FontRegistrar.swift in Sources */ = {isa = PBXBuildFile; fileRef = FONTREG0000000000000002 /* FontRegistrar.swift */; };
		C6D754F86DDD4B59844CC089 /* OnboardingView.swift in Sources */ = {isa = PBXBuildFile; fileRef = EC65D304A5384580AD9E9724 /* OnboardingView.swift */; };
		58C7B005C39841BDAB231817 /* NotificationService.swift in Sources */ = {isa = PBXBuildFile; fileRef = E9B3365D1BCB4D65A686F4A4 /* NotificationService.swift */; };
		CELEB1000000000000000001 /* CelebrationManager.swift in Sources */ = {isa = PBXBuildFile; fileRef = CELEB3000000000000000001 /* CelebrationManager.swift */; };
		TIPKITB0000000000000001 /* AppTips.swift in Sources */ = {isa = PBXBuildFile; fileRef = TIPKITA0000000000000001 /* AppTips.swift */; };
		F0B100000000000000000002 /* ShareAcceptanceCoordinator.swift in Sources */ = {isa = PBXBuildFile; fileRef = F0A100000000000000000002 /* ShareAcceptanceCoordinator.swift */; };
		F0B100000000000000000003 /* AppDelegateBridge.swift in Sources */ = {isa = PBXBuildFile; fileRef = F0A100000000000000000003 /* AppDelegateBridge.swift */; };
		HSYNCCOORDBUILD0000001 /* HouseholdSyncCoordinator.swift in Sources */ = {isa = PBXBuildFile; fileRef = HSYNCCOORDFILE0000001 /* HouseholdSyncCoordinator.swift */; };
		HSYNCINVWATCHBUILD01 /* HouseholdSyncCoordinator+InviteWatch.swift in Sources */ = {isa = PBXBuildFile; fileRef = HSYNCINVWATCHFILE01 /* HouseholdSyncCoordinator+InviteWatch.swift */; };
		HSYNCBATCHPRESBUILD01 /* HouseholdSyncBatchPresentation.swift in Sources */ = {isa = PBXBuildFile; fileRef = HSYNCBATCHPRESFILE01 /* HouseholdSyncBatchPresentation.swift */; };
		HSYNCENGINEBUILD0000001 /* HouseholdStoreSyncEngine.swift in Sources */ = {isa = PBXBuildFile; fileRef = HSYNCENGINEFILE0000001 /* HouseholdStoreSyncEngine.swift */; };
		HSNAPSHOTBUILD00000001 /* HouseholdCloudSnapshotLoader.swift in Sources */ = {isa = PBXBuildFile; fileRef = HSNAPSHOTFILE00000001 /* HouseholdCloudSnapshotLoader.swift */; };
		HREPOSITORYBUILD000001 /* HouseholdRepository.swift in Sources */ = {isa = PBXBuildFile; fileRef = HREPOSITORYFILE000001 /* HouseholdRepository.swift */; };
		HZONERESOLVERBUILD001 /* HouseholdZoneResolver.swift in Sources */ = {isa = PBXBuildFile; fileRef = HZONERESOLVERFILE001 /* HouseholdZoneResolver.swift */; };
		310A3B66D8814DB6AFB4F1E2 /* CachedMember.swift in Sources */ = {isa = PBXBuildFile; fileRef = D5698A6FED3C457788B6A60C /* CachedMember.swift */; };
		DF7CDDC1B44B40528AF2353F /* CachedShoppingItem.swift in Sources */ = {isa = PBXBuildFile; fileRef = 1B0147EDB8D54390B793EFE5 /* CachedShoppingItem.swift */; };
		C9E8A1B2C3D4E5F607182930 /* MemberBadgeView.swift in Sources */ = {isa = PBXBuildFile; fileRef = C9E8A1B2C3D4E5F607182931 /* MemberBadgeView.swift */; };
		HSSET000000000000000001 /* HouseholdSettingsView.swift in Sources */ = {isa = PBXBuildFile; fileRef = HSSET000000000000000002 /* HouseholdSettingsView.swift */; };
		UITEST00000000000000003 /* FamilyTodoUITests.swift in Sources */ = {isa = PBXBuildFile; fileRef = UITEST00000000000000002 /* FamilyTodoUITests.swift */; };
		NEWFILE0000000000000001 /* ShoppingListView.swift in Sources */ = {isa = PBXBuildFile; fileRef = NEWFILE0000000000000011 /* ShoppingListView.swift */; };
		NEWFILE0000000000000002 /* TasksView.swift in Sources */ = {isa = PBXBuildFile; fileRef = NEWFILE0000000000000012 /* TasksView.swift */; };
		NEWFILE0000000000000003 /* BacklogView.swift in Sources */ = {isa = PBXBuildFile; fileRef = NEWFILE0000000000000013 /* BacklogView.swift */; };
		NEWFILE0000000000000004 /* MoreView.swift in Sources */ = {isa = PBXBuildFile; fileRef = NEWFILE0000000000000014 /* MoreView.swift */; };
		SETTVIEW000000000000001 /* SettingsView.swift in Sources */ = {isa = PBXBuildFile; fileRef = SETTVIEW000000000000002 /* SettingsView.swift */; };
		NEWFILE0000000000000005 /* FloatingTabBar.swift in Sources */ = {isa = PBXBuildFile; fileRef = NEWFILE0000000000000015 /* FloatingTabBar.swift */; };
		NEWFILE0000000000000006 /* ToastView.swift in Sources */ = {isa = PBXBuildFile; fileRef = NEWFILE0000000000000016 /* ToastView.swift */; };
		JOINLOADB00000000000001 /* JoiningHouseholdLoadingView.swift in Sources */ = {isa = PBXBuildFile; fileRef = JOINLOADF00000000000001 /* JoiningHouseholdLoadingView.swift */; };
		CELEB2000000000000000001 /* CelebrationOverlay.swift in Sources */ = {isa = PBXBuildFile; fileRef = CELEB4000000000000000001 /* CelebrationOverlay.swift */; };
		F0B100000000000000000004 /* InviteQRCodeView.swift in Sources */ = {isa = PBXBuildFile; fileRef = F0A100000000000000000004 /* InviteQRCodeView.swift */; };
		F0B100000000000000000005 /* QRCodeScannerView.swift in Sources */ = {isa = PBXBuildFile; fileRef = F0A100000000000000000005 /* QRCodeScannerView.swift */; };
		NEWFILE0000000000000007 /* BacklogCategory.swift in Sources */ = {isa = PBXBuildFile; fileRef = NEWFILE0000000000000017 /* BacklogCategory.swift */; };
		NEWFILE0000000000000008 /* LegacyStubs.swift in Sources */ = {isa = PBXBuildFile; fileRef = NEWFILE0000000000000018 /* LegacyStubs.swift */; };
		SHOPB1000000000000000001 /* ShoppingBundle.swift in Sources */ = {isa = PBXBuildFile; fileRef = SHOPA1000000000000000001 /* ShoppingBundle.swift */; };
		SHOPB1000000000000000002 /* CachedShoppingBundle.swift in Sources */ = {isa = PBXBuildFile; fileRef = SHOPA1000000000000000002 /* CachedShoppingBundle.swift */; };
		SHOPB1000000000000000003 /* ShoppingBundleStore.swift in Sources */ = {isa = PBXBuildFile; fileRef = SHOPA1000000000000000003 /* ShoppingBundleStore.swift */; };
		SHOPB1000000000000000004 /* BundlesManagementView.swift in Sources */ = {isa = PBXBuildFile; fileRef = SHOPA1000000000000000004 /* BundlesManagementView.swift */; };
		SHOPB2000000000000000001 /* ShoppingBundleStoreTests.swift in Sources */ = {isa = PBXBuildFile; fileRef = SHOPA2000000000000000001 /* ShoppingBundleStoreTests.swift */; };
		TIPKITB0000000000000002 /* AppTipVisibilityTests.swift in Sources */ = {isa = PBXBuildFile; fileRef = TIPKITT0000000000000001 /* AppTipVisibilityTests.swift */; };
		TSTBUILD000000000000001 /* TestModelContainerFactory.swift in Sources */ = {isa = PBXBuildFile; fileRef = TSTFILE0000000000000001 /* TestModelContainerFactory.swift */; };
		TSTBUILD000000000000002 /* TestCacheFixtures.swift in Sources */ = {isa = PBXBuildFile; fileRef = TSTFILE0000000000000002 /* TestCacheFixtures.swift */; };
		TSTBUILD000000000000005 /* FakeHouseholdCloud.swift in Sources */ = {isa = PBXBuildFile; fileRef = TSTFILE0000000000000005 /* FakeHouseholdCloud.swift */; };
		TSTBUILD000000000000003 /* WorkItemTransitionTests.swift in Sources */ = {isa = PBXBuildFile; fileRef = TSTFILE0000000000000003 /* WorkItemTransitionTests.swift */; };
		TSTBUILD000000000000004 /* BacklogStoreTests.swift in Sources */ = {isa = PBXBuildFile; fileRef = TSTFILE0000000000000004 /* BacklogStoreTests.swift */; };
		GLASSFIX00000000000004 /* AppBackgroundView.swift in Sources */ = {isa = PBXBuildFile; fileRef = GLASSFIX00000000000003 /* AppBackgroundView.swift */; };
		9F7A1B2C3D4E5F60718293A3 /* LaunchContinuationView.swift in Sources */ = {isa = PBXBuildFile; fileRef = 9F7A1B2C3D4E5F60718293A4 /* LaunchContinuationView.swift */; };
		9F7A1B2C3D4E5F60718293A5 /* StartupLaunchDirectorTests.swift in Sources */ = {isa = PBXBuildFile; fileRef = 9F7A1B2C3D4E5F60718293A6 /* StartupLaunchDirectorTests.swift */; };
		TABTYPO0000000000000001 /* TabBarTypographyManager.swift in Sources */ = {isa = PBXBuildFile; fileRef = TABTYPO0000000000000002 /* TabBarTypographyManager.swift */; };
		TABDIAG000000000000001 /* TabBarDiagnosticsMonitor.swift in Sources */ = {isa = PBXBuildFile; fileRef = TABDIAG000000000000002 /* TabBarDiagnosticsMonitor.swift */; };
			CHECKBOX000000000000001 /* ThemedCheckbox.swift in Sources */ = {isa = PBXBuildFile; fileRef = CHECKBOX000000000000002 /* ThemedCheckbox.swift */; };
			SHOPBADGE00000000000001 /* ShoppingCountBadge.swift in Sources */ = {isa = PBXBuildFile; fileRef = SHOPBADGE00000000000002 /* ShoppingCountBadge.swift */; };
			D1C0D1A1A1A1A1A1A1A1A1A3 /* CloudKitDiagnosticsBanner.swift in Sources */ = {isa = PBXBuildFile; fileRef = D1C0D1A1A1A1A1A1A1A1A1A4 /* CloudKitDiagnosticsBanner.swift */; };
			B1C2D3E4F5A60718293B4C51 /* AppModalActionRow.swift in Sources */ = {isa = PBXBuildFile; fileRef = B1C2D3E4F5A60718293B4C52 /* AppModalActionRow.swift */; };
			B1C2D3E4F5A60718293B4C53 /* AppConfirmationSheet.swift in Sources */ = {isa = PBXBuildFile; fileRef = B1C2D3E4F5A60718293B4C54 /* AppConfirmationSheet.swift */; };
			B1C2D3E4F5A60718293B4C55 /* AppPromptSheet.swift in Sources */ = {isa = PBXBuildFile; fileRef = B1C2D3E4F5A60718293B4C56 /* AppPromptSheet.swift */; };
/* End PBXBuildFile section */

/* Begin PBXContainerItemProxy section */
		A1B2C3D4E5F60718293A4B82 /* PBXContainerItemProxy */ = {
			isa = PBXContainerItemProxy;
			containerPortal = A1B2C3D4E5F60718293A4B5C /* Project object */;
			proxyType = 1;
			remoteGlobalIDString = A1B2C3D4E5F60718293A4B60;
			remoteInfo = HousePulse;
		};
		UITEST0000000000000000B /* PBXContainerItemProxy */ = {
			isa = PBXContainerItemProxy;
			containerPortal = A1B2C3D4E5F60718293A4B5C /* Project object */;
			proxyType = 1;
			remoteGlobalIDString = A1B2C3D4E5F60718293A4B60;
			remoteInfo = HousePulse;
		};
/* End PBXContainerItemProxy section */

/* Begin PBXFileReference section */
		848E1F71D41541C8AFF5824E /* NewItemsBanner.swift */ = {isa = PBXFileReference; lastKnownFileType = sourcecode.swift; path = NewItemsBanner.swift; sourceTree = "<group>"; };
		848E1F71D41541C8AFF5824F /* ThemedEmptyStateView.swift */ = {isa = PBXFileReference; lastKnownFileType = sourcecode.swift; path = ThemedEmptyStateView.swift; sourceTree = "<group>"; };
		848E1F71D41541C8AFF58250 /* SyncStatusPill.swift */ = {isa = PBXFileReference; lastKnownFileType = sourcecode.swift; path = SyncStatusPill.swift; sourceTree = "<group>"; };
		A64C673C65F9499681214CF6 /* CloudKitSubscriptionManager.swift */ = {isa = PBXFileReference; lastKnownFileType = sourcecode.swift; path = CloudKitSubscriptionManager.swift; sourceTree = "<group>"; };
		26545708FFCD49269BCBA414 /* InteractionTokens.swift */ = {isa = PBXFileReference; lastKnownFileType = sourcecode.swift; path = InteractionTokens.swift; sourceTree = "<group>"; };
		2817BEA946394BE4B5F046F9 /* GuidedEmptyStateView.swift */ = {isa = PBXFileReference; lastKnownFileType = sourcecode.swift; path = GuidedEmptyStateView.swift; sourceTree = "<group>"; };
		597ABC43D02B456AACDD7496 /* CreateHouseholdView.swift */ = {isa = PBXFileReference; lastKnownFileType = sourcecode.swift; path = CreateHouseholdView.swift; sourceTree = "<group>"; };
		B6BB86C851AF4073A7C45BA2 /* SyncSelectionView.swift */ = {isa = PBXFileReference; lastKnownFileType = sourcecode.swift; path = SyncSelectionView.swift; sourceTree = "<group>"; };
		4A7F1C0A38034297BB87CA37 /* OnboardingCarouselView.swift */ = {isa = PBXFileReference; lastKnownFileType = sourcecode.swift; path = OnboardingCarouselView.swift; sourceTree = "<group>"; };
		F71DCE06B5114FE99C1FDF4B /* AuroraBackground.swift */ = {isa = PBXFileReference; lastKnownFileType = sourcecode.swift; path = AuroraBackground.swift; sourceTree = "<group>"; };
		018556C9F7064BC3BAF7112E /* OnboardingState.swift */ = {isa = PBXFileReference; lastKnownFileType = sourcecode.swift; path = OnboardingState.swift; sourceTree = "<group>"; };
		9F7A1B2C3D4E5F60718293A2 /* StartupLaunchDirector.swift */ = {isa = PBXFileReference; lastKnownFileType = sourcecode.swift; path = StartupLaunchDirector.swift; sourceTree = "<group>"; };
		DA591D77C780445A82FEE9E0 /* HapticManager.swift */ = {isa = PBXFileReference; lastKnownFileType = sourcecode.swift; path = HapticManager.swift; sourceTree = "<group>"; };
			F0A100000000000000000001 /* InviteInputNormalizer.swift */ = {isa = PBXFileReference; lastKnownFileType = sourcecode.swift; path = InviteInputNormalizer.swift; sourceTree = "<group>"; };
			F0A100000000000000000006 /* SwiftDataContainerFactory.swift */ = {isa = PBXFileReference; lastKnownFileType = sourcecode.swift; path = SwiftDataContainerFactory.swift; sourceTree = "<group>"; };
			F0A100000000000000000007 /* StartupSentinel.swift */ = {isa = PBXFileReference; lastKnownFileType = sourcecode.swift; path = StartupSentinel.swift; sourceTree = "<group>"; };
			F0A100000000000000000008 /* StartupRecoveryView.swift */ = {isa = PBXFileReference; lastKnownFileType = sourcecode.swift; path = StartupRecoveryView.swift; sourceTree = "<group>"; };
		5E1674080DA4453DBCD21C18 /* Household.swift */ = {isa = PBXFileReference; lastKnownFileType = sourcecode.swift; path = Household.swift; sourceTree = "<group>"; };
		E896C65571D94FEE8308FB98 /* CachedHousehold.swift */ = {isa = PBXFileReference; lastKnownFileType = sourcecode.swift; path = CachedHousehold.swift; sourceTree = "<group>"; };
		AF93CA8D49114B14908933E2 /* HouseholdStore.swift */ = {isa = PBXFileReference; lastKnownFileType = sourcecode.swift; path = HouseholdStore.swift; sourceTree = "<group>"; };
		E94A7266F9D14F8D946AEF56 /* MemberStore.swift */ = {isa = PBXFileReference; lastKnownFileType = sourcecode.swift; path = MemberStore.swift; sourceTree = "<group>"; };
		87B61353E03D4281BE68CF00 /* ShareInviteView.swift */ = {isa = PBXFileReference; lastKnownFileType = sourcecode.swift; path = ShareInviteView.swift; sourceTree = "<group>"; };
			8B943208162D40CC83A90412 /* CachedBacklogCategory.swift */ = {isa = PBXFileReference; lastKnownFileType = sourcecode.swift; path = CachedBacklogCategory.swift; sourceTree = "<group>"; };
			1590E14261EB4996992A7F56 /* CachedBacklogItem.swift */ = {isa = PBXFileReference; lastKnownFileType = sourcecode.swift; path = CachedBacklogItem.swift; sourceTree = "<group>"; };
			WIREF000000000000000001 /* CachedWorkItem.swift */ = {isa = PBXFileReference; lastKnownFileType = sourcecode.swift; path = CachedWorkItem.swift; sourceTree = "<group>"; };
			59CD19CBC26F4EA28F7461BB /* BacklogStore.swift */ = {isa = PBXFileReference; lastKnownFileType = sourcecode.swift; path = BacklogStore.swift; sourceTree = "<group>"; };
		F1A2B3C4D5E6F708192A3B4E /* InviteToken.swift */ = {isa = PBXFileReference; lastKnownFileType = sourcecode.swift; path = InviteToken.swift; sourceTree = "<group>"; };
		A1B2C3D4E5F60718293A4B71 /* FamilyTodoApp.swift */ = {isa = PBXFileReference; lastKnownFileType = sourcecode.swift; path = FamilyTodoApp.swift; sourceTree = "<group>"; };
		A1B2C3D4E5F60718293A4B72 /* ContentView.swift */ = {isa = PBXFileReference; lastKnownFileType = sourcecode.swift; path = ContentView.swift; sourceTree = "<group>"; };
		A1B2C3D4E5F60718293A4B73 /* LaunchScreen.storyboard */ = {isa = PBXFileReference; lastKnownFileType = file.storyboard; path = LaunchScreen.storyboard; sourceTree = "<group>"; };
		ASSETSXCASS3TS00000000002 /* Assets.xcassets */ = {isa = PBXFileReference; lastKnownFileType = folder.assetcatalog; path = Assets.xcassets; sourceTree = "<group>"; };
		FONTFILE0000000000000001 /* PressStart2P-Regular.ttf */ = {isa = PBXFileReference; lastKnownFileType = file; path = "Resources/Fonts/PressStart2P-Regular.ttf"; sourceTree = "<group>"; };
		FONTFILE0000000000000002 /* CaveatBrush-Regular.ttf */ = {isa = PBXFileReference; lastKnownFileType = file; path = "Resources/Fonts/CaveatBrush-Regular.ttf"; sourceTree = "<group>"; };
		FONTFILE0000000000000003 /* SpecialElite-Regular.ttf */ = {isa = PBXFileReference; lastKnownFileType = file; path = "Resources/Fonts/SpecialElite-Regular.ttf"; sourceTree = "<group>"; };
		A1B2C3D4E5F60718293A4B74 /* FamilyTodoTests.swift */ = {isa = PBXFileReference; lastKnownFileType = sourcecode.swift; path = FamilyTodoTests.swift; sourceTree = "<group>"; };
		7EC3E5BB230C4430890CE54E /* TaskTests.swift */ = {isa = PBXFileReference; lastKnownFileType = sourcecode.swift; path = TaskTests.swift; sourceTree = "<group>"; };
		29641B06528147179F25068D /* TaskStoreTests.swift */ = {isa = PBXFileReference; lastKnownFileType = sourcecode.swift; path = TaskStoreTests.swift; sourceTree = "<group>"; };
		3ED568B034B6469B9DEDB614 /* HouseholdTests.swift */ = {isa = PBXFileReference; lastKnownFileType = sourcecode.swift; path = HouseholdTests.swift; sourceTree = "<group>"; };
		HJOINFILE00000000000001 /* HouseholdJoinFlowTests.swift */ = {isa = PBXFileReference; lastKnownFileType = sourcecode.swift; path = HouseholdJoinFlowTests.swift; sourceTree = "<group>"; };
		HRSYNCFILE000000000001 /* HouseholdRemoteSyncTests.swift */ = {isa = PBXFileReference; lastKnownFileType = sourcecode.swift; path = HouseholdRemoteSyncTests.swift; sourceTree = "<group>"; };
		HSYNCBATCHTESTFILE01 /* HouseholdSyncBatchTests.swift */ = {isa = PBXFileReference; lastKnownFileType = sourcecode.swift; path = HouseholdSyncBatchTests.swift; sourceTree = "<group>"; };
		HSYNCTESTFILE000000001 /* HouseholdSyncCoordinatorTests.swift */ = {isa = PBXFileReference; lastKnownFileType = sourcecode.swift; path = HouseholdSyncCoordinatorTests.swift; sourceTree = "<group>"; };
		HSYNCINVWATCHTESTFILE01 /* HouseholdSyncCoordinatorInviteWatchTests.swift */ = {isa = PBXFileReference; lastKnownFileType = sourcecode.swift; path = HouseholdSyncCoordinatorInviteWatchTests.swift; sourceTree = "<group>"; };
		HSYNCVISCHGTESTFILE1 /* HouseholdSyncCoordinatorVisibleChangesTests.swift */ = {isa = PBXFileReference; lastKnownFileType = sourcecode.swift; path = HouseholdSyncCoordinatorVisibleChangesTests.swift; sourceTree = "<group>"; };
		HSNAPSHOTTESTFILE0001 /* HouseholdCloudSnapshotLoaderTests.swift */ = {isa = PBXFileReference; lastKnownFileType = sourcecode.swift; path = HouseholdCloudSnapshotLoaderTests.swift; sourceTree = "<group>"; };
		JOINBOOTTESTFILE0000001 /* CloudKitManagerJoinBootstrapTests.swift */ = {isa = PBXFileReference; lastKnownFileType = sourcecode.swift; path = CloudKitManagerJoinBootstrapTests.swift; sourceTree = "<group>"; };
		IPADTESTFILE0000000001 /* ProjectConfigurationTests.swift */ = {isa = PBXFileReference; lastKnownFileType = sourcecode.swift; path = ProjectConfigurationTests.swift; sourceTree = "<group>"; };
		B3F1A2C4D5E6F708192A3B42 /* ShoppingListStoreTests.swift */ = {isa = PBXFileReference; lastKnownFileType = sourcecode.swift; path = ShoppingListStoreTests.swift; sourceTree = "<group>"; };
			F0A200000000000000000001 /* InviteInputNormalizerTests.swift */ = {isa = PBXFileReference; lastKnownFileType = sourcecode.swift; path = InviteInputNormalizerTests.swift; sourceTree = "<group>"; };
			F0A200000000000000000002 /* OnboardingStateTests.swift */ = {isa = PBXFileReference; lastKnownFileType = sourcecode.swift; path = OnboardingStateTests.swift; sourceTree = "<group>"; };
			F0A200000000000000000003 /* SwiftDataContainerFactoryTests.swift */ = {isa = PBXFileReference; lastKnownFileType = sourcecode.swift; path = SwiftDataContainerFactoryTests.swift; sourceTree = "<group>"; };
		F2A3B4C5D6E7F8091A2B3C4E /* InviteCodeFlowTests.swift */ = {isa = PBXFileReference; lastKnownFileType = sourcecode.swift; path = InviteCodeFlowTests.swift; sourceTree = "<group>"; };
		A1B2C3D4E5F60718293A4B75 /* HousePulse.app */ = {isa = PBXFileReference; explicitFileType = wrapper.application; path = HousePulse.app; sourceTree = BUILT_PRODUCTS_DIR; };
		A1B2C3D4E5F60718293A4B76 /* FamilyTodoTests.xctest */ = {isa = PBXFileReference; explicitFileType = wrapper.cfbundle; path = FamilyTodoTests.xctest; sourceTree = BUILT_PRODUCTS_DIR; };
		A1B2C3D4E5F60718293A4B77 /* SwiftUI.framework */ = {isa = PBXFileReference; lastKnownFileType = wrapper.framework; name = SwiftUI.framework; path = System/Library/Frameworks/SwiftUI.framework; sourceTree = SDKROOT; };
		A1B2C3D4E5F60718293A4B78 /* Foundation.framework */ = {isa = PBXFileReference; lastKnownFileType = wrapper.framework; name = Foundation.framework; path = System/Library/Frameworks/Foundation.framework; sourceTree = SDKROOT; };
		A1B2C3D4E5F60718293A4B79 /* XCTest.framework */ = {isa = PBXFileReference; lastKnownFileType = wrapper.framework; name = XCTest.framework; path = System/Library/Frameworks/XCTest.framework; sourceTree = SDKROOT; };
		A1B2C3D4E5F60718293A4B96 /* Member.swift */ = {isa = PBXFileReference; lastKnownFileType = sourcecode.swift; path = Member.swift; sourceTree = "<group>"; };
		A1B2C3D4E5F60718293A4B98 /* Task.swift */ = {isa = PBXFileReference; lastKnownFileType = sourcecode.swift; path = Task.swift; sourceTree = "<group>"; };
		B2A1C9E97C3F4E6D9A0F1B2C /* ShoppingItem.swift */ = {isa = PBXFileReference; lastKnownFileType = sourcecode.swift; path = ShoppingItem.swift; sourceTree = "<group>"; };
		C9D7A1E4F2B64C77B8A9C0D1 /* ShoppingListStore.swift */ = {isa = PBXFileReference; lastKnownFileType = sourcecode.swift; path = ShoppingListStore.swift; sourceTree = "<group>"; };
		A1B2C3D4E5F60718293A4B9C /* CloudKitManager.swift */ = {isa = PBXFileReference; lastKnownFileType = sourcecode.swift; path = CloudKitManager.swift; sourceTree = "<group>"; };
		A1B2C3D4E5F60718293A4B9D2 /* CloudKitManager+Mapping.swift */ = {isa = PBXFileReference; lastKnownFileType = sourcecode.swift; path = "CloudKitManager+Mapping.swift"; sourceTree = "<group>"; };
		F23E39F22BF543BF82BAF4F9 /* AuthenticationService.swift */ = {isa = PBXFileReference; lastKnownFileType = sourcecode.swift; path = AuthenticationService.swift; sourceTree = "<group>"; };
		36A73F3BC9DD4B4A97890EEC /* UserSession.swift */ = {isa = PBXFileReference; lastKnownFileType = sourcecode.swift; path = UserSession.swift; sourceTree = "<group>"; };
		RCSRCFILE0000000000001 /* SubscriptionManager.swift */ = {isa = PBXFileReference; lastKnownFileType = sourcecode.swift; path = SubscriptionManager.swift; sourceTree = "<group>"; };
		SECRETSFILE0000000001 /* Secrets.swift */ = {isa = PBXFileReference; lastKnownFileType = sourcecode.swift; path = Secrets.swift; sourceTree = "<group>"; };
		D1C0D1A1A1A1A1A1A1A1A1A2 /* CloudKitDiagnosticsState.swift */ = {isa = PBXFileReference; lastKnownFileType = sourcecode.swift; path = CloudKitDiagnosticsState.swift; sourceTree = "<group>"; };
		CKTOKENFILE0000000001 /* CloudKitChangeTokenStore.swift */ = {isa = PBXFileReference; lastKnownFileType = sourcecode.swift; path = CloudKitChangeTokenStore.swift; sourceTree = "<group>"; };
		F0A100000000000000000002 /* ShareAcceptanceCoordinator.swift */ = {isa = PBXFileReference; lastKnownFileType = sourcecode.swift; path = ShareAcceptanceCoordinator.swift; sourceTree = "<group>"; };
		F0A100000000000000000003 /* AppDelegateBridge.swift */ = {isa = PBXFileReference; lastKnownFileType = sourcecode.swift; path = AppDelegateBridge.swift; sourceTree = "<group>"; };
		HSYNCCOORDFILE0000001 /* HouseholdSyncCoordinator.swift */ = {isa = PBXFileReference; lastKnownFileType = sourcecode.swift; path = HouseholdSyncCoordinator.swift; sourceTree = "<group>"; };
		HSYNCINVWATCHFILE01 /* HouseholdSyncCoordinator+InviteWatch.swift */ = {isa = PBXFileReference; lastKnownFileType = sourcecode.swift; path = "HouseholdSyncCoordinator+InviteWatch.swift"; sourceTree = "<group>"; };
		HSYNCBATCHPRESFILE01 /* HouseholdSyncBatchPresentation.swift */ = {isa = PBXFileReference; lastKnownFileType = sourcecode.swift; path = HouseholdSyncBatchPresentation.swift; sourceTree = "<group>"; };
		HSYNCENGINEFILE0000001 /* HouseholdStoreSyncEngine.swift */ = {isa = PBXFileReference; lastKnownFileType = sourcecode.swift; path = HouseholdStoreSyncEngine.swift; sourceTree = "<group>"; };
		HSNAPSHOTFILE00000001 /* HouseholdCloudSnapshotLoader.swift */ = {isa = PBXFileReference; lastKnownFileType = sourcecode.swift; path = HouseholdCloudSnapshotLoader.swift; sourceTree = "<group>"; };
		HREPOSITORYFILE000001 /* HouseholdRepository.swift */ = {isa = PBXFileReference; lastKnownFileType = sourcecode.swift; path = HouseholdRepository.swift; sourceTree = "<group>"; };
		HZONERESOLVERFILE001 /* HouseholdZoneResolver.swift */ = {isa = PBXFileReference; lastKnownFileType = sourcecode.swift; path = HouseholdZoneResolver.swift; sourceTree = "<group>"; };
			C3D1A7F2E84B45DFA676530A /* SignInView.swift */ = {isa = PBXFileReference; lastKnownFileType = sourcecode.swift; path = SignInView.swift; sourceTree = "<group>"; };
			86E3027B463A4CCB87FDC1F0 /* CachedTask.swift */ = {isa = PBXFileReference; lastKnownFileType = sourcecode.swift; path = CachedTask.swift; sourceTree = "<group>"; };
			WIREF000000000000000002 /* WorkItem.swift */ = {isa = PBXFileReference; lastKnownFileType = sourcecode.swift; path = WorkItem.swift; sourceTree = "<group>"; };
			WIREF000000000000000003 /* WorkItemCacheMigrator.swift */ = {isa = PBXFileReference; lastKnownFileType = sourcecode.swift; path = WorkItemCacheMigrator.swift; sourceTree = "<group>"; };
			WIREF000000000000000004 /* WorkItemCacheStoreSupport.swift */ = {isa = PBXFileReference; lastKnownFileType = sourcecode.swift; path = WorkItemCacheStoreSupport.swift; sourceTree = "<group>"; };
			F1C87AA7BEEF4361BA6DD03D /* TaskStore.swift */ = {isa = PBXFileReference; lastKnownFileType = sourcecode.swift; path = TaskStore.swift; sourceTree = "<group>"; };
		D4E5F60718293A4B5C6D7E8F /* ThemeStore.swift */ = {isa = PBXFileReference; lastKnownFileType = sourcecode.swift; path = ThemeStore.swift; sourceTree = "<group>"; };
		F2A6C8D1E3B44F10A1B2C3D4 /* AppColors.swift */ = {isa = PBXFileReference; lastKnownFileType = sourcecode.swift; path = AppColors.swift; sourceTree = "<group>"; };
		FONTREG0000000000000002 /* FontRegistrar.swift */ = {isa = PBXFileReference; lastKnownFileType = sourcecode.swift; path = FontRegistrar.swift; sourceTree = "<group>"; };
		EC65D304A5384580AD9E9724 /* OnboardingView.swift */ = {isa = PBXFileReference; lastKnownFileType = sourcecode.swift; path = OnboardingView.swift; sourceTree = "<group>"; };
		E9B3365D1BCB4D65A686F4A4 /* NotificationService.swift */ = {isa = PBXFileReference; lastKnownFileType = sourcecode.swift; path = NotificationService.swift; sourceTree = "<group>"; };
		CELEB3000000000000000001 /* CelebrationManager.swift */ = {isa = PBXFileReference; lastKnownFileType = sourcecode.swift; path = CelebrationManager.swift; sourceTree = "<group>"; };
		TIPKITA0000000000000001 /* AppTips.swift */ = {isa = PBXFileReference; lastKnownFileType = sourcecode.swift; path = AppTips.swift; sourceTree = "<group>"; };
		D5698A6FED3C457788B6A60C /* CachedMember.swift */ = {isa = PBXFileReference; lastKnownFileType = sourcecode.swift; path = CachedMember.swift; sourceTree = "<group>"; };
		1B0147EDB8D54390B793EFE5 /* CachedShoppingItem.swift */ = {isa = PBXFileReference; lastKnownFileType = sourcecode.swift; path = CachedShoppingItem.swift; sourceTree = "<group>"; };
		C9E8A1B2C3D4E5F607182931 /* MemberBadgeView.swift */ = {isa = PBXFileReference; lastKnownFileType = sourcecode.swift; path = MemberBadgeView.swift; sourceTree = "<group>"; };
		HSSET000000000000000002 /* HouseholdSettingsView.swift */ = {isa = PBXFileReference; lastKnownFileType = sourcecode.swift; path = HouseholdSettingsView.swift; sourceTree = "<group>"; };
		UITEST00000000000000002 /* FamilyTodoUITests.swift */ = {isa = PBXFileReference; lastKnownFileType = sourcecode.swift; path = FamilyTodoUITests.swift; sourceTree = "<group>"; };
		UITEST0000000000000000D /* FamilyTodoUITests.xctest */ = {isa = PBXFileReference; explicitFileType = wrapper.cfbundle; path = FamilyTodoUITests.xctest; sourceTree = BUILT_PRODUCTS_DIR; };
		NEWFILE0000000000000011 /* ShoppingListView.swift */ = {isa = PBXFileReference; lastKnownFileType = sourcecode.swift; path = ShoppingListView.swift; sourceTree = "<group>"; };
		NEWFILE0000000000000012 /* TasksView.swift */ = {isa = PBXFileReference; lastKnownFileType = sourcecode.swift; path = TasksView.swift; sourceTree = "<group>"; };
		NEWFILE0000000000000013 /* BacklogView.swift */ = {isa = PBXFileReference; lastKnownFileType = sourcecode.swift; path = BacklogView.swift; sourceTree = "<group>"; };
		NEWFILE0000000000000014 /* MoreView.swift */ = {isa = PBXFileReference; lastKnownFileType = sourcecode.swift; path = MoreView.swift; sourceTree = "<group>"; };
		SETTVIEW000000000000002 /* SettingsView.swift */ = {isa = PBXFileReference; lastKnownFileType = sourcecode.swift; path = SettingsView.swift; sourceTree = "<group>"; };
		NEWFILE0000000000000015 /* FloatingTabBar.swift */ = {isa = PBXFileReference; lastKnownFileType = sourcecode.swift; path = FloatingTabBar.swift; sourceTree = "<group>"; };
		NEWFILE0000000000000016 /* ToastView.swift */ = {isa = PBXFileReference; lastKnownFileType = sourcecode.swift; path = ToastView.swift; sourceTree = "<group>"; };
		JOINLOADF00000000000001 /* JoiningHouseholdLoadingView.swift */ = {isa = PBXFileReference; lastKnownFileType = sourcecode.swift; path = JoiningHouseholdLoadingView.swift; sourceTree = "<group>"; };
		CELEB4000000000000000001 /* CelebrationOverlay.swift */ = {isa = PBXFileReference; lastKnownFileType = sourcecode.swift; path = CelebrationOverlay.swift; sourceTree = "<group>"; };
		F0A100000000000000000004 /* InviteQRCodeView.swift */ = {isa = PBXFileReference; lastKnownFileType = sourcecode.swift; path = InviteQRCodeView.swift; sourceTree = "<group>"; };
		F0A100000000000000000005 /* QRCodeScannerView.swift */ = {isa = PBXFileReference; lastKnownFileType = sourcecode.swift; path = QRCodeScannerView.swift; sourceTree = "<group>"; };
		NEWFILE0000000000000017 /* BacklogCategory.swift */ = {isa = PBXFileReference; lastKnownFileType = sourcecode.swift; path = BacklogCategory.swift; sourceTree = "<group>"; };
		NEWFILE0000000000000018 /* LegacyStubs.swift */ = {isa = PBXFileReference; lastKnownFileType = sourcecode.swift; path = LegacyStubs.swift; sourceTree = "<group>"; };
		SHOPA1000000000000000001 /* ShoppingBundle.swift */ = {isa = PBXFileReference; lastKnownFileType = sourcecode.swift; path = ShoppingBundle.swift; sourceTree = "<group>"; };
		SHOPA1000000000000000002 /* CachedShoppingBundle.swift */ = {isa = PBXFileReference; lastKnownFileType = sourcecode.swift; path = CachedShoppingBundle.swift; sourceTree = "<group>"; };
		SHOPA1000000000000000003 /* ShoppingBundleStore.swift */ = {isa = PBXFileReference; lastKnownFileType = sourcecode.swift; path = ShoppingBundleStore.swift; sourceTree = "<group>"; };
		SHOPA1000000000000000004 /* BundlesManagementView.swift */ = {isa = PBXFileReference; lastKnownFileType = sourcecode.swift; path = BundlesManagementView.swift; sourceTree = "<group>"; };
		SHOPA2000000000000000001 /* ShoppingBundleStoreTests.swift */ = {isa = PBXFileReference; lastKnownFileType = sourcecode.swift; path = ShoppingBundleStoreTests.swift; sourceTree = "<group>"; };
		TIPKITT0000000000000001 /* AppTipVisibilityTests.swift */ = {isa = PBXFileReference; lastKnownFileType = sourcecode.swift; path = AppTipVisibilityTests.swift; sourceTree = "<group>"; };
		TSTFILE0000000000000001 /* TestModelContainerFactory.swift */ = {isa = PBXFileReference; lastKnownFileType = sourcecode.swift; path = TestModelContainerFactory.swift; sourceTree = "<group>"; };
		TSTFILE0000000000000002 /* TestCacheFixtures.swift */ = {isa = PBXFileReference; lastKnownFileType = sourcecode.swift; path = TestCacheFixtures.swift; sourceTree = "<group>"; };
		TSTFILE0000000000000005 /* FakeHouseholdCloud.swift */ = {isa = PBXFileReference; lastKnownFileType = sourcecode.swift; path = FakeHouseholdCloud.swift; sourceTree = "<group>"; };
		TSTFILE0000000000000003 /* WorkItemTransitionTests.swift */ = {isa = PBXFileReference; lastKnownFileType = sourcecode.swift; path = WorkItemTransitionTests.swift; sourceTree = "<group>"; };
		TSTFILE0000000000000004 /* BacklogStoreTests.swift */ = {isa = PBXFileReference; lastKnownFileType = sourcecode.swift; path = BacklogStoreTests.swift; sourceTree = "<group>"; };
		GLASSFIX00000000000003 /* AppBackgroundView.swift */ = {isa = PBXFileReference; lastKnownFileType = sourcecode.swift; path = AppBackgroundView.swift; sourceTree = "<group>"; };
		9F7A1B2C3D4E5F60718293A4 /* LaunchContinuationView.swift */ = {isa = PBXFileReference; lastKnownFileType = sourcecode.swift; path = LaunchContinuationView.swift; sourceTree = "<group>"; };
		9F7A1B2C3D4E5F60718293A6 /* StartupLaunchDirectorTests.swift */ = {isa = PBXFileReference; lastKnownFileType = sourcecode.swift; path = StartupLaunchDirectorTests.swift; sourceTree = "<group>"; };
		TABTYPO0000000000000002 /* TabBarTypographyManager.swift */ = {isa = PBXFileReference; lastKnownFileType = sourcecode.swift; path = TabBarTypographyManager.swift; sourceTree = "<group>"; };
		TABDIAG000000000000002 /* TabBarDiagnosticsMonitor.swift */ = {isa = PBXFileReference; lastKnownFileType = sourcecode.swift; path = TabBarDiagnosticsMonitor.swift; sourceTree = "<group>"; };
			CHECKBOX000000000000002 /* ThemedCheckbox.swift */ = {isa = PBXFileReference; lastKnownFileType = sourcecode.swift; path = ThemedCheckbox.swift; sourceTree = "<group>"; };
			SHOPBADGE00000000000002 /* ShoppingCountBadge.swift */ = {isa = PBXFileReference; lastKnownFileType = sourcecode.swift; path = ShoppingCountBadge.swift; sourceTree = "<group>"; };
			D1C0D1A1A1A1A1A1A1A1A1A4 /* CloudKitDiagnosticsBanner.swift */ = {isa = PBXFileReference; lastKnownFileType = sourcecode.swift; path = CloudKitDiagnosticsBanner.swift; sourceTree = "<group>"; };
			B1C2D3E4F5A60718293B4C52 /* AppModalActionRow.swift */ = {isa = PBXFileReference; lastKnownFileType = sourcecode.swift; path = AppModalActionRow.swift; sourceTree = "<group>"; };
			B1C2D3E4F5A60718293B4C54 /* AppConfirmationSheet.swift */ = {isa = PBXFileReference; lastKnownFileType = sourcecode.swift; path = AppConfirmationSheet.swift; sourceTree = "<group>"; };
			B1C2D3E4F5A60718293B4C56 /* AppPromptSheet.swift */ = {isa = PBXFileReference; lastKnownFileType = sourcecode.swift; path = AppPromptSheet.swift; sourceTree = "<group>"; };
/* End PBXFileReference section */

/* Begin PBXFrameworksBuildPhase section */
		A1B2C3D4E5F60718293A4B6C /* Frameworks */ = {
			isa = PBXFrameworksBuildPhase;
			buildActionMask = 2147483647;
			files = (
				RCBUILD0000000000000001 /* RevenueCat in Frameworks */,
				RCBUILD0000000000000002 /* RevenueCatUI in Frameworks */,
				A1B2C3D4E5F60718293A4B7D /* SwiftUI.framework in Frameworks */,
				A1B2C3D4E5F60718293A4B7E /* Foundation.framework in Frameworks */,
			);
			runOnlyForDeploymentPostprocessing = 0;
		};
		A1B2C3D4E5F60718293A4B6F /* Frameworks */ = {
			isa = PBXFrameworksBuildPhase;
			buildActionMask = 2147483647;
			files = (
				A1B2C3D4E5F60718293A4B80 /* XCTest.framework in Frameworks */,
			);
			runOnlyForDeploymentPostprocessing = 0;
		};
		UITEST00000000000000006 /* Frameworks */ = {
			isa = PBXFrameworksBuildPhase;
			buildActionMask = 2147483647;
			files = (
			);
			runOnlyForDeploymentPostprocessing = 0;
		};
/* End PBXFrameworksBuildPhase section */

/* Begin PBXGroup section */
		50B205078C7F49B9A7FDD4A3 /* Onboarding */ = {
			isa = PBXGroup;
			children = (
				597ABC43D02B456AACDD7496 /* CreateHouseholdView.swift */,
				B6BB86C851AF4073A7C45BA2 /* SyncSelectionView.swift */,
				4A7F1C0A38034297BB87CA37 /* OnboardingCarouselView.swift */,
				F71DCE06B5114FE99C1FDF4B /* AuroraBackground.swift */,
			);
			path = Onboarding;
			sourceTree = "<group>";
		};
		A1B2C3D4E5F60718293A4B5D /* FamilyTodo */ = {
			isa = PBXGroup;
			children = (
								036C63C7535047ED91F4794B /* Services */,
				2253304769774D3792B036F0 /* Views */,
				FA1C0439FFD449E092083889 /* Stores */,
				E2F3A4B5C6D708192A3B4C5D /* Utilities */,
				D6C0FC4A8B084788928AACE8 /* Views */,
				A1B2C3D4E5F60718293A4B9D /* Managers */,
				A1B2C3D4E5F60718293A4B9A /* Models */,
				A1B2C3D4E5F60718293A4B71 /* FamilyTodoApp.swift */,
				A1B2C3D4E5F60718293A4B72 /* ContentView.swift */,
				SECRETSFILE0000000001 /* Secrets.swift */,
				A1B2C3D4E5F60718293A4B73 /* LaunchScreen.storyboard */,
				ASSETSXCASS3TS00000000002 /* Assets.xcassets */,
				FONTFILE0000000000000001 /* PressStart2P-Regular.ttf */,
				FONTFILE0000000000000002 /* CaveatBrush-Regular.ttf */,
				FONTFILE0000000000000003 /* SpecialElite-Regular.ttf */,
			);
			path = FamilyTodo;
			sourceTree = "<group>";
		};
		A1B2C3D4E5F60718293A4B9D /* Managers */ = {
			isa = PBXGroup;
			children = (
				A64C673C65F9499681214CF6 /* CloudKitSubscriptionManager.swift */,
				A1B2C3D4E5F60718293A4B9C /* CloudKitManager.swift */,
				A1B2C3D4E5F60718293A4B9D2 /* CloudKitManager+Mapping.swift */,
			);
			path = Managers;
			sourceTree = "<group>";
		};
		A1B2C3D4E5F60718293A4B9A /* Models */ = {
			isa = PBXGroup;
			children = (
				5E1674080DA4453DBCD21C18 /* Household.swift */,
				E896C65571D94FEE8308FB98 /* CachedHousehold.swift */,
				8B943208162D40CC83A90412 /* CachedBacklogCategory.swift */,
				1590E14261EB4996992A7F56 /* CachedBacklogItem.swift */,
				WIREF000000000000000001 /* CachedWorkItem.swift */,
				D5698A6FED3C457788B6A60C /* CachedMember.swift */,
				1B0147EDB8D54390B793EFE5 /* CachedShoppingItem.swift */,
				SHOPA1000000000000000002 /* CachedShoppingBundle.swift */,
				86E3027B463A4CCB87FDC1F0 /* CachedTask.swift */,
				F0A100000000000000000007 /* StartupSentinel.swift */,
				A1B2C3D4E5F60718293A4B96 /* Member.swift */,
				A1B2C3D4E5F60718293A4B98 /* Task.swift */,
				WIREF000000000000000002 /* WorkItem.swift */,
				B2A1C9E97C3F4E6D9A0F1B2C /* ShoppingItem.swift */,
				SHOPA1000000000000000001 /* ShoppingBundle.swift */,
				F1A2B3C4D5E6F708192A3B4E /* InviteToken.swift */,
				NEWFILE0000000000000017 /* BacklogCategory.swift */,
				NEWFILE0000000000000018 /* LegacyStubs.swift */,
			);
			path = Models;
			sourceTree = "<group>";
		};
		A1B2C3D4E5F60718293A4B5E /* Products */ = {
			isa = PBXGroup;
			children = (
				A1B2C3D4E5F60718293A4B75 /* HousePulse.app */,
				A1B2C3D4E5F60718293A4B76 /* FamilyTodoTests.xctest */,
				UITEST0000000000000000D /* FamilyTodoUITests.xctest */,
			);
			name = Products;
			sourceTree = "<group>";
		};
		A1B2C3D4E5F60718293A4B5F /* Frameworks */ = {
			isa = PBXGroup;
			children = (
				A1B2C3D4E5F60718293A4B78 /* Foundation.framework */,
				A1B2C3D4E5F60718293A4B77 /* SwiftUI.framework */,
				A1B2C3D4E5F60718293A4B79 /* XCTest.framework */,
			);
			name = Frameworks;
			sourceTree = "<group>";
		};
		A1B2C3D4E5F60718293A4B83 /* FamilyTodoTests */ = {
			isa = PBXGroup;
			children = (
				TSTGROUP000000000000001 /* TestSupport */,
				A1B2C3D4E5F60718293A4B74 /* FamilyTodoTests.swift */,
				7EC3E5BB230C4430890CE54E /* TaskTests.swift */,
				29641B06528147179F25068D /* TaskStoreTests.swift */,
				TSTFILE0000000000000004 /* BacklogStoreTests.swift */,
				TSTFILE0000000000000003 /* WorkItemTransitionTests.swift */,
				3ED568B034B6469B9DEDB614 /* HouseholdTests.swift */,
				HJOINFILE00000000000001 /* HouseholdJoinFlowTests.swift */,
					HRSYNCFILE000000000001 /* HouseholdRemoteSyncTests.swift */,
					HSYNCBATCHTESTFILE01 /* HouseholdSyncBatchTests.swift */,
					HSYNCTESTFILE000000001 /* HouseholdSyncCoordinatorTests.swift */,
					HSYNCINVWATCHTESTFILE01 /* HouseholdSyncCoordinatorInviteWatchTests.swift */,
					HSYNCVISCHGTESTFILE1 /* HouseholdSyncCoordinatorVisibleChangesTests.swift */,
				HSNAPSHOTTESTFILE0001 /* HouseholdCloudSnapshotLoaderTests.swift */,
				JOINBOOTTESTFILE0000001 /* CloudKitManagerJoinBootstrapTests.swift */,
				IPADTESTFILE0000000001 /* ProjectConfigurationTests.swift */,
				B3F1A2C4D5E6F708192A3B42 /* ShoppingListStoreTests.swift */,
				SHOPA2000000000000000001 /* ShoppingBundleStoreTests.swift */,
				TIPKITT0000000000000001 /* AppTipVisibilityTests.swift */,
				9F7A1B2C3D4E5F60718293A6 /* StartupLaunchDirectorTests.swift */,
					F0A200000000000000000001 /* InviteInputNormalizerTests.swift */,
				F2A3B4C5D6E7F8091A2B3C4E /* InviteCodeFlowTests.swift */,
					F0A200000000000000000002 /* OnboardingStateTests.swift */,
					F0A200000000000000000003 /* SwiftDataContainerFactoryTests.swift */,
				);
			path = FamilyTodoTests;
			sourceTree = "<group>";
		};
		TSTGROUP000000000000001 /* TestSupport */ = {
			isa = PBXGroup;
			children = (
				TSTFILE0000000000000001 /* TestModelContainerFactory.swift */,
				TSTFILE0000000000000002 /* TestCacheFixtures.swift */,
				TSTFILE0000000000000005 /* FakeHouseholdCloud.swift */,
			);
			path = TestSupport;
			sourceTree = "<group>";
		};
		A1B2C3D4E5F60718293A4B5C /* Project object */ = {
			isa = PBXProject;
			attributes = {
				BuildIndependentTargetsInParallel = YES;
				LastUpgradeCheck = 1520;
				LastSwiftUpdateCheck = 1520;
				TargetAttributes = {
					A1B2C3D4E5F60718293A4B60 = {
						CreatedOnToolsVersion = 15.2;
					};
					A1B2C3D4E5F60718293A4B61 = {
						CreatedOnToolsVersion = 15.2;
						TestTargetID = A1B2C3D4E5F60718293A4B60;
					};
				};
			};
			buildConfigurationList = A1B2C3D4E5F60718293A4B62 /* Build configuration list for PBXProject "FamilyTodo" */;
			compatibilityVersion = "Xcode 15.0";
			developmentRegion = en;
			hasScannedForEncodings = 0;
			knownRegions = (
				en,
				Base,
			);
			mainGroup = A1B2C3D4E5F60718293A4B84;
			packageReferences = (
				RCPACKAGE0000000000001 /* XCRemoteSwiftPackageReference "purchases-ios-spm" */,
			);
			productRefGroup = A1B2C3D4E5F60718293A4B5E;
			projectDirPath = "";
			projectRoot = "";
			targets = (
				A1B2C3D4E5F60718293A4B60 /* HousePulse */,
				A1B2C3D4E5F60718293A4B61 /* FamilyTodoTests */,
				UITEST00000000000000001 /* FamilyTodoUITests */,
			);
		};
		A1B2C3D4E5F60718293A4B84 /* Main Group */ = {
			isa = PBXGroup;
			children = (
				A1B2C3D4E5F60718293A4B5D /* FamilyTodo */,
				A1B2C3D4E5F60718293A4B83 /* FamilyTodoTests */,
				UITEST00000000000000004 /* FamilyTodoUITests */,
				A1B2C3D4E5F60718293A4B5E /* Products */,
				A1B2C3D4E5F60718293A4B5F /* Frameworks */,
			);
			name = "FamilyTodo";
			sourceTree = "<group>";
		};
		036C63C7535047ED91F4794B /* Services */ = {
			isa = PBXGroup;
			children = (
				018556C9F7064BC3BAF7112E /* OnboardingState.swift */,
				9F7A1B2C3D4E5F60718293A2 /* StartupLaunchDirector.swift */,
				E9B3365D1BCB4D65A686F4A4 /* NotificationService.swift */,
				CELEB3000000000000000001 /* CelebrationManager.swift */,
				TIPKITA0000000000000001 /* AppTips.swift */,
				F23E39F22BF543BF82BAF4F9 /* AuthenticationService.swift */,
				36A73F3BC9DD4B4A97890EEC /* UserSession.swift */,
				RCSRCFILE0000000000001 /* SubscriptionManager.swift */,
				D1C0D1A1A1A1A1A1A1A1A1A2 /* CloudKitDiagnosticsState.swift */,
				CKTOKENFILE0000000001 /* CloudKitChangeTokenStore.swift */,
				HSYNCCOORDFILE0000001 /* HouseholdSyncCoordinator.swift */,
				HSYNCINVWATCHFILE01 /* HouseholdSyncCoordinator+InviteWatch.swift */,
				HSYNCBATCHPRESFILE01 /* HouseholdSyncBatchPresentation.swift */,
				HSYNCENGINEFILE0000001 /* HouseholdStoreSyncEngine.swift */,
				HSNAPSHOTFILE00000001 /* HouseholdCloudSnapshotLoader.swift */,
				HREPOSITORYFILE000001 /* HouseholdRepository.swift */,
				HZONERESOLVERFILE001 /* HouseholdZoneResolver.swift */,
				F0A100000000000000000002 /* ShareAcceptanceCoordinator.swift */,
				F0A100000000000000000003 /* AppDelegateBridge.swift */,
			);
			path = Services;
			sourceTree = "<group>";
		};
		2253304769774D3792B036F0 /* Views */ = {
			isa = PBXGroup;
			children = (
				50B205078C7F49B9A7FDD4A3 /* Onboarding */,
				87B61353E03D4281BE68CF00 /* ShareInviteView.swift */,
				NEWFILE0000000000000011 /* ShoppingListView.swift */,
				SHOPA1000000000000000004 /* BundlesManagementView.swift */,
				NEWFILE0000000000000012 /* TasksView.swift */,
				NEWFILE0000000000000013 /* BacklogView.swift */,
				NEWFILE0000000000000014 /* MoreView.swift */,
				HSSET000000000000000002 /* HouseholdSettingsView.swift */,
				SETTVIEW000000000000002 /* SettingsView.swift */,
				NEWGROUP000000000000001 /* Components */,
				EC65D304A5384580AD9E9724 /* OnboardingView.swift */,
				D4E5F60718293A4B5C6D7E8F /* ThemeStore.swift */,
				C3D1A7F2E84B45DFA676530A /* SignInView.swift */,
				F0A100000000000000000008 /* StartupRecoveryView.swift */,
);
			path = Views;
			sourceTree = "<group>";
		};
			NEWGROUP000000000000001 /* Components */ = {
				isa = PBXGroup;
				children = (
					848E1F71D41541C8AFF5824E /* NewItemsBanner.swift */,
					848E1F71D41541C8AFF5824F /* ThemedEmptyStateView.swift */,
					848E1F71D41541C8AFF58250 /* SyncStatusPill.swift */,
					NEWFILE0000000000000015 /* FloatingTabBar.swift */,
					NEWFILE0000000000000016 /* ToastView.swift */,
					JOINLOADF00000000000001 /* JoiningHouseholdLoadingView.swift */,
					B1C2D3E4F5A60718293B4C52 /* AppModalActionRow.swift */,
					B1C2D3E4F5A60718293B4C54 /* AppConfirmationSheet.swift */,
					B1C2D3E4F5A60718293B4C56 /* AppPromptSheet.swift */,
					CHECKBOX000000000000002 /* ThemedCheckbox.swift */,
					SHOPBADGE00000000000002 /* ShoppingCountBadge.swift */,
					D1C0D1A1A1A1A1A1A1A1A1A4 /* CloudKitDiagnosticsBanner.swift */,
					CELEB4000000000000000001 /* CelebrationOverlay.swift */,
					F0A100000000000000000004 /* InviteQRCodeView.swift */,
					F0A100000000000000000005 /* QRCodeScannerView.swift */,
					C9E8A1B2C3D4E5F607182931 /* MemberBadgeView.swift */,
				9F7A1B2C3D4E5F60718293A4 /* LaunchContinuationView.swift */,
				2817BEA946394BE4B5F046F9 /* GuidedEmptyStateView.swift */,
				GLASSFIX00000000000003 /* AppBackgroundView.swift */,
			);
			path = Components;
			sourceTree = "<group>";
		};
		FA1C0439FFD449E092083889 /* Stores */ = {
			isa = PBXGroup;
			children = (
				AF93CA8D49114B14908933E2 /* HouseholdStore.swift */,
				E94A7266F9D14F8D946AEF56 /* MemberStore.swift */,
				59CD19CBC26F4EA28F7461BB /* BacklogStore.swift */,
				C9D7A1E4F2B64C77B8A9C0D1 /* ShoppingListStore.swift */,
				SHOPA1000000000000000003 /* ShoppingBundleStore.swift */,
				F1C87AA7BEEF4361BA6DD03D /* TaskStore.swift */,
			);
			path = Stores;
			sourceTree = "<group>";
		};
		E2F3A4B5C6D708192A3B4C5D /* Utilities */ = {
			isa = PBXGroup;
			children = (
				DA591D77C780445A82FEE9E0 /* HapticManager.swift */,
				F2A6C8D1E3B44F10A1B2C3D4 /* AppColors.swift */,
					TABTYPO0000000000000002 /* TabBarTypographyManager.swift */,
					TABDIAG000000000000002 /* TabBarDiagnosticsMonitor.swift */,
					FONTREG0000000000000002 /* FontRegistrar.swift */,
						26545708FFCD49269BCBA414 /* InteractionTokens.swift */,
						F0A100000000000000000001 /* InviteInputNormalizer.swift */,
						F0A100000000000000000006 /* SwiftDataContainerFactory.swift */,
						WIREF000000000000000003 /* WorkItemCacheMigrator.swift */,
						WIREF000000000000000004 /* WorkItemCacheStoreSupport.swift */,
					);
			path = Utilities;
			sourceTree = "<group>";
		};
		D6C0FC4A8B084788928AACE8 /* Views */ = {
			isa = PBXGroup;
			children = (
			);
			path = Views;
			sourceTree = "<group>";
		};
		UITEST00000000000000004 /* FamilyTodoUITests */ = {
			isa = PBXGroup;
			children = (
				UITEST00000000000000002 /* FamilyTodoUITests.swift */,
			);
			path = FamilyTodoUITests;
			sourceTree = "<group>";
		};
/* End PBXGroup section */

/* Begin PBXNativeTarget section */
		A1B2C3D4E5F60718293A4B60 /* HousePulse */ = {
			isa = PBXNativeTarget;
			buildConfigurationList = A1B2C3D4E5F60718293A4B63 /* Build configuration list for PBXNativeTarget "HousePulse" */;
			buildPhases = (
				A1B2C3D4E5F60718293A4B6B /* Sources */,
				A1B2C3D4E5F60718293A4B6C /* Frameworks */,
				A1B2C3D4E5F60718293A4B6D /* Resources */,
			);
			buildRules = (
			);
			dependencies = (
			);
			name = HousePulse;
			packageProductDependencies = (
				RCPRODUCT00000000000001 /* RevenueCat */,
				RCPRODUCT00000000000002 /* RevenueCatUI */,
			);
			productName = HousePulse;
			productReference = A1B2C3D4E5F60718293A4B75 /* HousePulse.app */;
			productType = "com.apple.product-type.application";
		};
		A1B2C3D4E5F60718293A4B61 /* FamilyTodoTests */ = {
			isa = PBXNativeTarget;
			buildConfigurationList = A1B2C3D4E5F60718293A4B64 /* Build configuration list for PBXNativeTarget "FamilyTodoTests" */;
			buildPhases = (
				A1B2C3D4E5F60718293A4B6E /* Sources */,
				A1B2C3D4E5F60718293A4B6F /* Frameworks */,
				A1B2C3D4E5F60718293A4B70 /* Resources */,
			);
			buildRules = (
			);
			dependencies = (
				A1B2C3D4E5F60718293A4B81 /* PBXTargetDependency */,
			);
			name = FamilyTodoTests;
			productName = FamilyTodoTests;
			productReference = A1B2C3D4E5F60718293A4B76 /* FamilyTodoTests.xctest */;
			productType = "com.apple.product-type.bundle.unit-test";
		};
		UITEST00000000000000001 /* FamilyTodoUITests */ = {
			isa = PBXNativeTarget;
			buildConfigurationList = UITEST0000000000000000A /* Build configuration list for PBXNativeTarget "FamilyTodoUITests" */;
			buildPhases = (
				UITEST00000000000000005 /* Sources */,
				UITEST00000000000000006 /* Frameworks */,
				UITEST00000000000000007 /* Resources */,
			);
			buildRules = (
			);
			dependencies = (
				UITEST0000000000000000C /* PBXTargetDependency */,
			);
			name = FamilyTodoUITests;
			productName = FamilyTodoUITests;
			productReference = UITEST0000000000000000D /* FamilyTodoUITests.xctest */;
			productType = "com.apple.product-type.bundle.ui-testing";
		};
/* End PBXNativeTarget section */

/* Begin PBXResourcesBuildPhase section */
		A1B2C3D4E5F60718293A4B6D /* Resources */ = {
			isa = PBXResourcesBuildPhase;
			buildActionMask = 2147483647;
			files = (
				A1B2C3D4E5F60718293A4B7C /* LaunchScreen.storyboard in Resources */,
				ASSETSXCASS3TS00000000001 /* Assets.xcassets in Resources */,
				FONTBUILD000000000000001 /* PressStart2P-Regular.ttf in Resources */,
				FONTBUILD000000000000002 /* CaveatBrush-Regular.ttf in Resources */,
				FONTBUILD000000000000003 /* SpecialElite-Regular.ttf in Resources */,
			);
			runOnlyForDeploymentPostprocessing = 0;
		};
		A1B2C3D4E5F60718293A4B70 /* Resources */ = {
			isa = PBXResourcesBuildPhase;
			buildActionMask = 2147483647;
			files = (
			);
			runOnlyForDeploymentPostprocessing = 0;
		};
		UITEST00000000000000007 /* Resources */ = {
			isa = PBXResourcesBuildPhase;
			buildActionMask = 2147483647;
			files = (
			);
			runOnlyForDeploymentPostprocessing = 0;
		};
/* End PBXResourcesBuildPhase section */

/* Begin PBXSourcesBuildPhase section */
		A1B2C3D4E5F60718293A4B6B /* Sources */ = {
			isa = PBXSourcesBuildPhase;
			buildActionMask = 2147483647;
			files = (
				D8A148526B034E92ADDBC14A /* NewItemsBanner.swift in Sources */,
				D8A148526B034E92ADDBC14B /* ThemedEmptyStateView.swift in Sources */,
				D8A148526B034E92ADDBC14C /* SyncStatusPill.swift in Sources */,
				1640C04D97C34B6D908BC1E1 /* CloudKitSubscriptionManager.swift in Sources */,
				599F980C2C18433EA5926134 /* InteractionTokens.swift in Sources */,
				AC435B3B5E184CB7ADCE00FE /* GuidedEmptyStateView.swift in Sources */,
				563FC947EF3C436E9933FE60 /* CreateHouseholdView.swift in Sources */,
				582ACFA9A52742C481988782 /* SyncSelectionView.swift in Sources */,
				6A92F0C762E94B81ABC115A8 /* OnboardingCarouselView.swift in Sources */,
				30536BDF090F495C8165E191 /* AuroraBackground.swift in Sources */,
				9BE2310AFBDC43DCA1A7D081 /* OnboardingState.swift in Sources */,
				9F7A1B2C3D4E5F60718293A1 /* StartupLaunchDirector.swift in Sources */,
				57718B5777DA4E819676A7A2 /* HapticManager.swift in Sources */,
					F0B100000000000000000001 /* InviteInputNormalizer.swift in Sources */,
					F0B100000000000000000006 /* SwiftDataContainerFactory.swift in Sources */,
					F0B100000000000000000007 /* StartupSentinel.swift in Sources */,
					F0B100000000000000000008 /* StartupRecoveryView.swift in Sources */,
					5BEEEE7F89A8433F92A7D492 /* Household.swift in Sources */,
				6E1645FA58BB4C66A2BE9E5D /* CachedHousehold.swift in Sources */,
				F7C1B9DBB0C84D5E9C893342 /* HouseholdStore.swift in Sources */,
					42AF2BD4E67B4E4089E8DFF0 /* MemberStore.swift in Sources */,
					2D2B97BA688E4FDCAE447F4C /* ShareInviteView.swift in Sources */,
					0361DF1A50DB4C8E84281CF1 /* CachedBacklogCategory.swift in Sources */,
					92DC27B1D58F47828A1672F0 /* CachedBacklogItem.swift in Sources */,
					WI000000000000000001 /* CachedWorkItem.swift in Sources */,
					CA4CB8EAC00047E6B4BEDF34 /* BacklogStore.swift in Sources */,
				F1A2B3C4D5E6F708192A3B4D /* InviteToken.swift in Sources */,
				310A3B66D8814DB6AFB4F1E2 /* CachedMember.swift in Sources */,
				DF7CDDC1B44B40528AF2353F /* CachedShoppingItem.swift in Sources */,
				58C7B005C39841BDAB231817 /* NotificationService.swift in Sources */,
				CELEB1000000000000000001 /* CelebrationManager.swift in Sources */,
				TIPKITB0000000000000001 /* AppTips.swift in Sources */,
				F0B100000000000000000002 /* ShareAcceptanceCoordinator.swift in Sources */,
					F0B100000000000000000003 /* AppDelegateBridge.swift in Sources */,
					HSYNCCOORDBUILD0000001 /* HouseholdSyncCoordinator.swift in Sources */,
					HSYNCINVWATCHBUILD01 /* HouseholdSyncCoordinator+InviteWatch.swift in Sources */,
					HSYNCBATCHPRESBUILD01 /* HouseholdSyncBatchPresentation.swift in Sources */,
				HSYNCENGINEBUILD0000001 /* HouseholdStoreSyncEngine.swift in Sources */,
				HSNAPSHOTBUILD00000001 /* HouseholdCloudSnapshotLoader.swift in Sources */,
				HREPOSITORYBUILD000001 /* HouseholdRepository.swift in Sources */,
				HZONERESOLVERBUILD001 /* HouseholdZoneResolver.swift in Sources */,
				E3C9F1B3FAE44A9A91D2F23C /* ShoppingListStore.swift in Sources */,
					C6D754F86DDD4B59844CC089 /* OnboardingView.swift in Sources */,
					4DA9D3C5F4374DA7AFB7DDA9 /* CachedTask.swift in Sources */,
					6207537B0D154DF5A03B56DB /* TaskStore.swift in Sources */,
					WI000000000000000002 /* WorkItem.swift in Sources */,
					WI000000000000000003 /* WorkItemCacheMigrator.swift in Sources */,
					WI000000000000000004 /* WorkItemCacheStoreSupport.swift in Sources */,
					C3D4E5F60718293A4B5C6D7E /* ThemeStore.swift in Sources */,
				B8F1C2D3E4F5061728394B5C /* AppColors.swift in Sources */,
				FONTREG0000000000000001 /* FontRegistrar.swift in Sources */,
				A1B2C3D4E5F60718293A4B7A /* FamilyTodoApp.swift in Sources */,
				A1B2C3D4E5F60718293A4B7B /* ContentView.swift in Sources */,
				A1B2C3D4E5F60718293A4B91 /* Member.swift in Sources */,
				A1B2C3D4E5F60718293A4B93 /* Task.swift in Sources */,
				D1F7A0C7A07C4C67B7B8B4A1 /* ShoppingItem.swift in Sources */,
				F1D742469FF445D1A5DE82B2 /* AuthenticationService.swift in Sources */,
				FFC8C5E849E24E6DBE474133 /* UserSession.swift in Sources */,
				RCSRCBUILD0000000000001 /* SubscriptionManager.swift in Sources */,
				SECRETSBUILD00000000001 /* Secrets.swift in Sources */,
				D1C0D1A1A1A1A1A1A1A1A1A1 /* CloudKitDiagnosticsState.swift in Sources */,
				CKTOKENBUILD0000000001 /* CloudKitChangeTokenStore.swift in Sources */,
				1D4986922D5C4D52B5AFCB1C /* SignInView.swift in Sources */,
				A1B2C3D4E5F60718293A4B9B /* CloudKitManager.swift in Sources */,
				A1B2C3D4E5F60718293A4B9D1 /* CloudKitManager+Mapping.swift in Sources */,
				NEWFILE0000000000000001 /* ShoppingListView.swift in Sources */,
				NEWFILE0000000000000002 /* TasksView.swift in Sources */,
				NEWFILE0000000000000003 /* BacklogView.swift in Sources */,
				NEWFILE0000000000000004 /* MoreView.swift in Sources */,
				HSSET000000000000000001 /* HouseholdSettingsView.swift in Sources */,
					SETTVIEW000000000000001 /* SettingsView.swift in Sources */,
					B1C2D3E4F5A60718293B4C51 /* AppModalActionRow.swift in Sources */,
					B1C2D3E4F5A60718293B4C53 /* AppConfirmationSheet.swift in Sources */,
					B1C2D3E4F5A60718293B4C55 /* AppPromptSheet.swift in Sources */,
					CHECKBOX000000000000001 /* ThemedCheckbox.swift in Sources */,
					SHOPBADGE00000000000001 /* ShoppingCountBadge.swift in Sources */,
					D1C0D1A1A1A1A1A1A1A1A1A3 /* CloudKitDiagnosticsBanner.swift in Sources */,
					C9E8A1B2C3D4E5F607182930 /* MemberBadgeView.swift in Sources */,
				NEWFILE0000000000000005 /* FloatingTabBar.swift in Sources */,
				NEWFILE0000000000000006 /* ToastView.swift in Sources */,
				JOINLOADB00000000000001 /* JoiningHouseholdLoadingView.swift in Sources */,
				CELEB2000000000000000001 /* CelebrationOverlay.swift in Sources */,
				F0B100000000000000000004 /* InviteQRCodeView.swift in Sources */,
				F0B100000000000000000005 /* QRCodeScannerView.swift in Sources */,
				NEWFILE0000000000000007 /* BacklogCategory.swift in Sources */,
				NEWFILE0000000000000008 /* LegacyStubs.swift in Sources */,
				SHOPB1000000000000000001 /* ShoppingBundle.swift in Sources */,
				SHOPB1000000000000000002 /* CachedShoppingBundle.swift in Sources */,
				SHOPB1000000000000000003 /* ShoppingBundleStore.swift in Sources */,
				SHOPB1000000000000000004 /* BundlesManagementView.swift in Sources */,
				GLASSFIX00000000000004 /* AppBackgroundView.swift in Sources */,
				9F7A1B2C3D4E5F60718293A3 /* LaunchContinuationView.swift in Sources */,
				TABTYPO0000000000000001 /* TabBarTypographyManager.swift in Sources */,
				TABDIAG000000000000001 /* TabBarDiagnosticsMonitor.swift in Sources */,
);
			runOnlyForDeploymentPostprocessing = 0;
		};
		A1B2C3D4E5F60718293A4B6E /* Sources */ = {
			isa = PBXSourcesBuildPhase;
			buildActionMask = 2147483647;
			files = (
				TSTBUILD000000000000001 /* TestModelContainerFactory.swift in Sources */,
				TSTBUILD000000000000002 /* TestCacheFixtures.swift in Sources */,
				TSTBUILD000000000000005 /* FakeHouseholdCloud.swift in Sources */,
				A1B2C3D4E5F60718293A4B7F /* FamilyTodoTests.swift in Sources */,
				9AD2462A5669453EB9F955B9 /* TaskTests.swift in Sources */,
				138C369E69FA4BD6BE083A14 /* TaskStoreTests.swift in Sources */,
				TSTBUILD000000000000004 /* BacklogStoreTests.swift in Sources */,
				TSTBUILD000000000000003 /* WorkItemTransitionTests.swift in Sources */,
				58EAF879003D4F968B10E438 /* HouseholdTests.swift in Sources */,
				HJOINBUILD0000000000001 /* HouseholdJoinFlowTests.swift in Sources */,
					HRSYNCBUILD000000000001 /* HouseholdRemoteSyncTests.swift in Sources */,
					HSYNCBATCHTESTBUILD01 /* HouseholdSyncBatchTests.swift in Sources */,
					HSYNCTESTBUILD000000001 /* HouseholdSyncCoordinatorTests.swift in Sources */,
					HSYNCINVWATCHTESTBUILD01 /* HouseholdSyncCoordinatorInviteWatchTests.swift in Sources */,
					HSYNCVISCHGTESTBUILD1 /* HouseholdSyncCoordinatorVisibleChangesTests.swift in Sources */,
				HSNAPSHOTTESTBUILD0001 /* HouseholdCloudSnapshotLoaderTests.swift in Sources */,
				JOINBOOTTESTBUILD000001 /* CloudKitManagerJoinBootstrapTests.swift in Sources */,
				IPADTESTBUILD0000000001 /* ProjectConfigurationTests.swift in Sources */,
				B3F1A2C4D5E6F708192A3B41 /* ShoppingListStoreTests.swift in Sources */,
				SHOPB2000000000000000001 /* ShoppingBundleStoreTests.swift in Sources */,
				TIPKITB0000000000000002 /* AppTipVisibilityTests.swift in Sources */,
				9F7A1B2C3D4E5F60718293A5 /* StartupLaunchDirectorTests.swift in Sources */,
					F0B200000000000000000001 /* InviteInputNormalizerTests.swift in Sources */,
				F2A3B4C5D6E7F8091A2B3C4D /* InviteCodeFlowTests.swift in Sources */,
					F0B200000000000000000002 /* OnboardingStateTests.swift in Sources */,
					F0B200000000000000000003 /* SwiftDataContainerFactoryTests.swift in Sources */,
				);
			runOnlyForDeploymentPostprocessing = 0;
		};
		UITEST00000000000000005 /* Sources */ = {
			isa = PBXSourcesBuildPhase;
			buildActionMask = 2147483647;
			files = (
				UITEST00000000000000003 /* FamilyTodoUITests.swift in Sources */,
			);
			runOnlyForDeploymentPostprocessing = 0;
		};
/* End PBXSourcesBuildPhase section */

/* Begin PBXTargetDependency section */
		A1B2C3D4E5F60718293A4B81 /* PBXTargetDependency */ = {
			isa = PBXTargetDependency;
			target = A1B2C3D4E5F60718293A4B60 /* HousePulse */;
			targetProxy = A1B2C3D4E5F60718293A4B82 /* PBXContainerItemProxy */;
		};
		UITEST0000000000000000C /* PBXTargetDependency */ = {
			isa = PBXTargetDependency;
			target = A1B2C3D4E5F60718293A4B60 /* HousePulse */;
			targetProxy = UITEST0000000000000000B /* PBXContainerItemProxy */;
		};
/* End PBXTargetDependency section */

/* Begin XCRemoteSwiftPackageReference section */
		RCPACKAGE0000000000001 /* XCRemoteSwiftPackageReference "purchases-ios-spm" */ = {
			isa = XCRemoteSwiftPackageReference;
			repositoryURL = "https://github.com/RevenueCat/purchases-ios-spm.git";
			requirement = {
				kind = upToNextMajorVersion;
				minimumVersion = 5.52.0;
			};
		};
/* End XCRemoteSwiftPackageReference section */

/* Begin XCSwiftPackageProductDependency section */
		RCPRODUCT00000000000001 /* RevenueCat */ = {
			isa = XCSwiftPackageProductDependency;
			package = RCPACKAGE0000000000001 /* XCRemoteSwiftPackageReference "purchases-ios-spm" */;
			productName = RevenueCat;
		};
		RCPRODUCT00000000000002 /* RevenueCatUI */ = {
			isa = XCSwiftPackageProductDependency;
			package = RCPACKAGE0000000000001 /* XCRemoteSwiftPackageReference "purchases-ios-spm" */;
			productName = RevenueCatUI;
		};
/* End XCSwiftPackageProductDependency section */

/* Begin XCBuildConfiguration section */
		A1B2C3D4E5F60718293A4B65 /* Debug */ = {
			isa = XCBuildConfiguration;
			buildSettings = {
				ALWAYS_SEARCH_USER_PATHS = NO;
				CLANG_ENABLE_MODULES = YES;
				CURRENT_PROJECT_VERSION = 1;
				DEVELOPMENT_TEAM = "";
				ENABLE_TESTABILITY = YES;
				IPHONEOS_DEPLOYMENT_TARGET = 17.0;
				MARKETING_VERSION = 1.3;
				PRODUCT_NAME = "$(TARGET_NAME)";
				SWIFT_VERSION = 5.9;
				TARGETED_DEVICE_FAMILY = "1,2";
			};
			name = Debug;
		};
		A1B2C3D4E5F60718293A4B66 /* Release */ = {
			isa = XCBuildConfiguration;
			buildSettings = {
				ALWAYS_SEARCH_USER_PATHS = NO;
				CLANG_ENABLE_MODULES = YES;
				CURRENT_PROJECT_VERSION = 1;
				DEVELOPMENT_TEAM = "";
				IPHONEOS_DEPLOYMENT_TARGET = 17.0;
				MARKETING_VERSION = 1.3;
				PRODUCT_NAME = "$(TARGET_NAME)";
				SWIFT_COMPILATION_MODE = wholemodule;
				SWIFT_VERSION = 5.9;
				TARGETED_DEVICE_FAMILY = "1,2";
			};
			name = Release;
		};
		A1B2C3D4E5F60718293A4B67 /* Debug */ = {
			isa = XCBuildConfiguration;
			buildSettings = {
				ASSETCATALOG_COMPILER_APPICON_NAME = AppIcon;
				ASSETCATALOG_COMPILER_GLOBAL_ACCENT_COLOR_NAME = AccentColor;
				CLANG_ENABLE_MODULES = YES;
				CODE_SIGN_ENTITLEMENTS = FamilyTodo/HousePulse.Debug.entitlements;
				CODE_SIGN_STYLE = Automatic;
				DEVELOPMENT_TEAM = "";
				GENERATE_INFOPLIST_FILE = YES;
				INFOPLIST_KEY_CKSharingSupported = YES;
				INFOPLIST_KEY_CFBundleDisplayName = Dwello;
				INFOPLIST_KEY_HPCloudKitEnabled = YES;
				INFOPLIST_KEY_CFBundleURLTypes_0_CFBundleTypeRole = Editor;
				INFOPLIST_KEY_CFBundleURLTypes_0_CFBundleURLName = com.kochanowski.housepulse;
				INFOPLIST_KEY_CFBundleURLTypes_0_CFBundleURLSchemes_0 = housepulse;
				INFOPLIST_KEY_ITSAppUsesNonExemptEncryption = NO;
				INFOPLIST_KEY_NSCameraUsageDescription = "Allow camera access to scan household invite QR codes.";
				INFOPLIST_KEY_UIApplicationSceneManifest_Generation = YES;
				INFOPLIST_KEY_UIAppFonts = (
					"PressStart2P-Regular.ttf",
					"CaveatBrush-Regular.ttf",
					"SpecialElite-Regular.ttf",
					"Resources/Fonts/PressStart2P-Regular.ttf",
					"Resources/Fonts/CaveatBrush-Regular.ttf",
					"Resources/Fonts/SpecialElite-Regular.ttf",
				);
				INFOPLIST_KEY_UIBackgroundModes = (
					"remote-notification",
				);
				INFOPLIST_KEY_UILaunchStoryboardName = LaunchScreen;
				INFOPLIST_KEY_UISupportedInterfaceOrientations = "UIInterfaceOrientationPortrait UIInterfaceOrientationLandscapeLeft UIInterfaceOrientationLandscapeRight";
				INFOPLIST_KEY_UISupportedInterfaceOrientations_iPad = "UIInterfaceOrientationPortrait UIInterfaceOrientationPortraitUpsideDown UIInterfaceOrientationLandscapeLeft UIInterfaceOrientationLandscapeRight";
				IPHONEOS_DEPLOYMENT_TARGET = 17.0;
				SDKROOT = iphoneos;
				SUPPORTED_PLATFORMS = "iphoneos iphonesimulator";
				LD_RUNPATH_SEARCH_PATHS = (
					"$(inherited)",
					"@executable_path/Frameworks",
				);
				PRODUCT_BUNDLE_IDENTIFIER = com.example.familytodo;
				PRODUCT_NAME = "$(TARGET_NAME)";
				SWIFT_VERSION = 5.9;
				TARGETED_DEVICE_FAMILY = "1,2";
			};
			name = Debug;
		};
		A1B2C3D4E5F60718293A4B68 /* Release */ = {
			isa = XCBuildConfiguration;
			buildSettings = {
				ASSETCATALOG_COMPILER_APPICON_NAME = AppIcon;
				ASSETCATALOG_COMPILER_GLOBAL_ACCENT_COLOR_NAME = AccentColor;
				CLANG_ENABLE_MODULES = YES;
				CODE_SIGN_ENTITLEMENTS = FamilyTodo/HousePulse.entitlements;
				CODE_SIGN_STYLE = Automatic;
				DEVELOPMENT_TEAM = "";
				GENERATE_INFOPLIST_FILE = YES;
				INFOPLIST_KEY_CKSharingSupported = YES;
				INFOPLIST_KEY_CFBundleDisplayName = Dwello;
				INFOPLIST_KEY_HPCloudKitEnabled = YES;
				INFOPLIST_KEY_CFBundleURLTypes_0_CFBundleTypeRole = Editor;
				INFOPLIST_KEY_CFBundleURLTypes_0_CFBundleURLName = com.kochanowski.housepulse;
				INFOPLIST_KEY_CFBundleURLTypes_0_CFBundleURLSchemes_0 = housepulse;
				INFOPLIST_KEY_ITSAppUsesNonExemptEncryption = NO;
				INFOPLIST_KEY_NSCameraUsageDescription = "Allow camera access to scan household invite QR codes.";
				INFOPLIST_KEY_UIApplicationSceneManifest_Generation = YES;
				INFOPLIST_KEY_UIAppFonts = (
					"PressStart2P-Regular.ttf",
					"CaveatBrush-Regular.ttf",
					"SpecialElite-Regular.ttf",
					"Resources/Fonts/PressStart2P-Regular.ttf",
					"Resources/Fonts/CaveatBrush-Regular.ttf",
					"Resources/Fonts/SpecialElite-Regular.ttf",
				);
				INFOPLIST_KEY_UIBackgroundModes = (
					"remote-notification",
				);
				INFOPLIST_KEY_UILaunchStoryboardName = LaunchScreen;
				INFOPLIST_KEY_UISupportedInterfaceOrientations = "UIInterfaceOrientationPortrait UIInterfaceOrientationLandscapeLeft UIInterfaceOrientationLandscapeRight";
				INFOPLIST_KEY_UISupportedInterfaceOrientations_iPad = "UIInterfaceOrientationPortrait UIInterfaceOrientationPortraitUpsideDown UIInterfaceOrientationLandscapeLeft UIInterfaceOrientationLandscapeRight";
				IPHONEOS_DEPLOYMENT_TARGET = 17.0;
				SDKROOT = iphoneos;
				SUPPORTED_PLATFORMS = "iphoneos iphonesimulator";
				LD_RUNPATH_SEARCH_PATHS = (

					"$(inherited)",
					"@executable_path/Frameworks",
				);
				PRODUCT_BUNDLE_IDENTIFIER = com.example.familytodo;
				PRODUCT_NAME = "$(TARGET_NAME)";
				SWIFT_COMPILATION_MODE = wholemodule;
				SWIFT_VERSION = 5.9;
				TARGETED_DEVICE_FAMILY = "1,2";
			};
			name = Release;
		};
		A1B2C3D4E5F60718293A4B69 /* Debug */ = {
			isa = XCBuildConfiguration;
			buildSettings = {
				BUNDLE_LOADER = "$(TEST_HOST)";
				CLANG_ENABLE_MODULES = YES;
				CODE_SIGN_STYLE = Automatic;
				DEVELOPMENT_TEAM = "";
				GENERATE_INFOPLIST_FILE = YES;
				IPHONEOS_DEPLOYMENT_TARGET = 17.0;
				SDKROOT = iphoneos;
				SUPPORTED_PLATFORMS = "iphoneos iphonesimulator";
				LD_RUNPATH_SEARCH_PATHS = (
					"$(inherited)",
					"@executable_path/Frameworks",
					"@loader_path/Frameworks",
				);
				PRODUCT_BUNDLE_IDENTIFIER = com.example.familytodo.tests;
				PRODUCT_NAME = "$(TARGET_NAME)";
				SWIFT_VERSION = 5.9;
				TARGETED_DEVICE_FAMILY = 1;
				TEST_HOST = "$(BUILT_PRODUCTS_DIR)/HousePulse.app/$(BUNDLE_EXECUTABLE_FOLDER_PATH)/HousePulse";
			};
			name = Debug;
		};
		A1B2C3D4E5F60718293A4B6A /* Release */ = {
			isa = XCBuildConfiguration;
			buildSettings = {
				BUNDLE_LOADER = "$(TEST_HOST)";
				CLANG_ENABLE_MODULES = YES;
				CODE_SIGN_STYLE = Automatic;
				DEVELOPMENT_TEAM = "";
				GENERATE_INFOPLIST_FILE = YES;
				IPHONEOS_DEPLOYMENT_TARGET = 17.0;
				SDKROOT = iphoneos;
				SUPPORTED_PLATFORMS = "iphoneos iphonesimulator";
				LD_RUNPATH_SEARCH_PATHS = (
					"$(inherited)",
					"@executable_path/Frameworks",
					"@loader_path/Frameworks",
				);
				PRODUCT_BUNDLE_IDENTIFIER = com.example.familytodo.tests;
				PRODUCT_NAME = "$(TARGET_NAME)";
				SWIFT_COMPILATION_MODE = wholemodule;
				SWIFT_VERSION = 5.9;
				TARGETED_DEVICE_FAMILY = 1;
				TEST_HOST = "$(BUILT_PRODUCTS_DIR)/HousePulse.app/$(BUNDLE_EXECUTABLE_FOLDER_PATH)/HousePulse";
			};
			name = Release;
		};
		UITEST00000000000000008 /* Debug */ = {
			isa = XCBuildConfiguration;
			buildSettings = {
				CLANG_ENABLE_MODULES = YES;
				CODE_SIGN_STYLE = Automatic;
				DEVELOPMENT_TEAM = "";
				GENERATE_INFOPLIST_FILE = YES;
				IPHONEOS_DEPLOYMENT_TARGET = 17.0;
				PRODUCT_BUNDLE_IDENTIFIER = com.example.familytodo.uitests;
				PRODUCT_NAME = "$(TARGET_NAME)";
				SDKROOT = iphoneos;
				SUPPORTED_PLATFORMS = "iphoneos iphonesimulator";
				SWIFT_VERSION = 5.9;
				TARGETED_DEVICE_FAMILY = 1;
				TEST_TARGET_NAME = HousePulse;
			};
			name = Debug;
		};
		UITEST00000000000000009 /* Release */ = {
			isa = XCBuildConfiguration;
			buildSettings = {
				CLANG_ENABLE_MODULES = YES;
				CODE_SIGN_STYLE = Automatic;
				DEVELOPMENT_TEAM = "";
				GENERATE_INFOPLIST_FILE = YES;
				IPHONEOS_DEPLOYMENT_TARGET = 17.0;
				PRODUCT_BUNDLE_IDENTIFIER = com.example.familytodo.uitests;
				PRODUCT_NAME = "$(TARGET_NAME)";
				SDKROOT = iphoneos;
				SUPPORTED_PLATFORMS = "iphoneos iphonesimulator";
				SWIFT_COMPILATION_MODE = wholemodule;
				SWIFT_VERSION = 5.9;
				TARGETED_DEVICE_FAMILY = 1;
				TEST_TARGET_NAME = HousePulse;
			};
			name = Release;
		};
/* End XCBuildConfiguration section */

/* Begin XCConfigurationList section */
		A1B2C3D4E5F60718293A4B62 /* Build configuration list for PBXProject "FamilyTodo" */ = {
			isa = XCConfigurationList;
			buildConfigurations = (
				A1B2C3D4E5F60718293A4B65 /* Debug */,
				A1B2C3D4E5F60718293A4B66 /* Release */,
			);
			defaultConfigurationIsVisible = 0;
			defaultConfigurationName = Release;
		};
		A1B2C3D4E5F60718293A4B63 /* Build configuration list for PBXNativeTarget "HousePulse" */ = {
			isa = XCConfigurationList;
			buildConfigurations = (
				A1B2C3D4E5F60718293A4B67 /* Debug */,
				A1B2C3D4E5F60718293A4B68 /* Release */,
			);
			defaultConfigurationIsVisible = 0;
			defaultConfigurationName = Release;
		};
		A1B2C3D4E5F60718293A4B64 /* Build configuration list for PBXNativeTarget "FamilyTodoTests" */ = {
			isa = XCConfigurationList;
			buildConfigurations = (
				A1B2C3D4E5F60718293A4B69 /* Debug */,
				A1B2C3D4E5F60718293A4B6A /* Release */,
			);
			defaultConfigurationIsVisible = 0;
			defaultConfigurationName = Release;
		};
		UITEST0000000000000000A /* Build configuration list for PBXNativeTarget "FamilyTodoUITests" */ = {
			isa = XCConfigurationList;
			buildConfigurations = (
				UITEST00000000000000008 /* Debug */,
				UITEST00000000000000009 /* Release */,
			);
			defaultConfigurationIsVisible = 0;
			defaultConfigurationName = Release;
		};
/* End XCConfigurationList section */
	};
	rootObject = A1B2C3D4E5F60718293A4B5C /* Project object */;
}
